// !$*UTF8*$!
{
	archiveVersion = 1;
	classes = {
	};
	objectVersion = 45;
	objects = {

/* Begin PBXBuildFile section */
		1DDD58160DA1D0A300B32029 /* MainMenu.xib in Resources */ = {isa = PBXBuildFile; fileRef = 1DDD58140DA1D0A300B32029 /* MainMenu.xib */; };
		256AC3DA0F4B6AC300CF3369 /* NgProjectAppDelegate.m in Sources */ = {isa = PBXBuildFile; fileRef = 256AC3D90F4B6AC300CF3369 /* NgProjectAppDelegate.m */; };
		29258AFF114ECC4200ED4F98 /* NGWaveUrl.m in Sources */ = {isa = PBXBuildFile; fileRef = 29258AFE114ECC4200ED4F98 /* NGWaveUrl.m */; };
		29258B00114ECC4200ED4F98 /* NGWaveUrl.m in Sources */ = {isa = PBXBuildFile; fileRef = 29258AFE114ECC4200ED4F98 /* NGWaveUrl.m */; };
		29258B03114ED59800ED4F98 /* NGWaveUrlTest.m in Sources */ = {isa = PBXBuildFile; fileRef = 29258B02114ED59800ED4F98 /* NGWaveUrlTest.m */; };
		29480032116E3C24007A5EDB /* NGElementAnnotationUpdate.m in Sources */ = {isa = PBXBuildFile; fileRef = 29480031116E3C23007A5EDB /* NGElementAnnotationUpdate.m */; };
		29480033116E3C24007A5EDB /* NGElementAnnotationUpdate.m in Sources */ = {isa = PBXBuildFile; fileRef = 29480031116E3C23007A5EDB /* NGElementAnnotationUpdate.m */; };
		2952649B1140F91A00CA2C90 /* NGRpcTest.m in Sources */ = {isa = PBXBuildFile; fileRef = 2952649A1140F91A00CA2C90 /* NGRpcTest.m */; };
		2952659A1140FD1D00CA2C90 /* libProtocolBuffers.a in Frameworks */ = {isa = PBXBuildFile; fileRef = 29E7B7CB1140A67A001E3644 /* libProtocolBuffers.a */; };
		295265A51140FD6A00CA2C90 /* Cocoa.framework in Frameworks */ = {isa = PBXBuildFile; fileRef = 1058C7A1FEA54F0111CA2CBB /* Cocoa.framework */; };
		295265BA1140FEC800CA2C90 /* NGRpc.m in Sources */ = {isa = PBXBuildFile; fileRef = 29E7B80E1140C2FE001E3644 /* NGRpc.m */; };
		29A7E76B114DAE3D006D61A8 /* NGParticipantId.m in Sources */ = {isa = PBXBuildFile; fileRef = 29A7E76A114DAE3D006D61A8 /* NGParticipantId.m */; };
		29A7E76C114DAE3E006D61A8 /* NGParticipantId.m in Sources */ = {isa = PBXBuildFile; fileRef = 29A7E76A114DAE3D006D61A8 /* NGParticipantId.m */; };
		29A7E792114DB34E006D61A8 /* NGParticipantIdTest.m in Sources */ = {isa = PBXBuildFile; fileRef = 29A7E791114DB34E006D61A8 /* NGParticipantIdTest.m */; };
		29A7E7A8114DB6A2006D61A8 /* NGRpcMessage.m in Sources */ = {isa = PBXBuildFile; fileRef = 29CDE9C8114C8C6100B95C82 /* NGRpcMessage.m */; };
		29A7E7F2114DEF02006D61A8 /* NGInboxViewDelegate.m in Sources */ = {isa = PBXBuildFile; fileRef = 29A7E7F1114DEF02006D61A8 /* NGInboxViewDelegate.m */; };
		29B46CDD114AD91C00AC74D7 /* Common.pb.m in Sources */ = {isa = PBXBuildFile; fileRef = 29B46CD8114AD91C00AC74D7 /* Common.pb.m */; };
		29B46CE0114AD91C00AC74D7 /* WaveclientRpc.pb.m in Sources */ = {isa = PBXBuildFile; fileRef = 29B46CDC114AD91C00AC74D7 /* WaveclientRpc.pb.m */; };
		29B46CE1114AD91C00AC74D7 /* Common.pb.m in Sources */ = {isa = PBXBuildFile; fileRef = 29B46CD8114AD91C00AC74D7 /* Common.pb.m */; };
		29B46CE4114AD91C00AC74D7 /* WaveclientRpc.pb.m in Sources */ = {isa = PBXBuildFile; fileRef = 29B46CDC114AD91C00AC74D7 /* WaveclientRpc.pb.m */; };
		29BD933011417C2100AA22AE /* NGNetwork.m in Sources */ = {isa = PBXBuildFile; fileRef = 29BD932F11417C2100AA22AE /* NGNetwork.m */; };
		29BD937D1141950700AA22AE /* NGNetworkTest.m in Sources */ = {isa = PBXBuildFile; fileRef = 29BD937C1141950700AA22AE /* NGNetworkTest.m */; };
		29BD937E1141951C00AA22AE /* NGNetwork.m in Sources */ = {isa = PBXBuildFile; fileRef = 29BD932F11417C2100AA22AE /* NGNetwork.m */; };
		29BD94AC1142198F00AA22AE /* NGRandomIdGenerator.m in Sources */ = {isa = PBXBuildFile; fileRef = 29BD94AB1142198F00AA22AE /* NGRandomIdGenerator.m */; };
		29BD94AD1142198F00AA22AE /* NGRandomIdGenerator.m in Sources */ = {isa = PBXBuildFile; fileRef = 29BD94AB1142198F00AA22AE /* NGRandomIdGenerator.m */; };
		29BD94E21142375200AA22AE /* NGWaveId.m in Sources */ = {isa = PBXBuildFile; fileRef = 29BD94E11142375200AA22AE /* NGWaveId.m */; };
		29BD94E31142375200AA22AE /* NGWaveId.m in Sources */ = {isa = PBXBuildFile; fileRef = 29BD94E11142375200AA22AE /* NGWaveId.m */; };
		29BD94FF1142406E00AA22AE /* NGWaveletId.m in Sources */ = {isa = PBXBuildFile; fileRef = 29BD94FE1142406E00AA22AE /* NGWaveletId.m */; };
		29BD95001142406E00AA22AE /* NGWaveletId.m in Sources */ = {isa = PBXBuildFile; fileRef = 29BD94FE1142406E00AA22AE /* NGWaveletId.m */; };
		29BD958C1142495C00AA22AE /* NGWaveIdTest.m in Sources */ = {isa = PBXBuildFile; fileRef = 29BD958B1142495C00AA22AE /* NGWaveIdTest.m */; };
		29BD95CD11424F3300AA22AE /* NGWaveletIdTest.m in Sources */ = {isa = PBXBuildFile; fileRef = 29BD95CC11424F3300AA22AE /* NGWaveletIdTest.m */; };
		29CDE9C9114C8C6100B95C82 /* NGRpcMessage.m in Sources */ = {isa = PBXBuildFile; fileRef = 29CDE9C8114C8C6100B95C82 /* NGRpcMessage.m */; };
		29DA8A08116BADEE00D50DFC /* NGElementAttribute.m in Sources */ = {isa = PBXBuildFile; fileRef = 29DA8A07116BADEE00D50DFC /* NGElementAttribute.m */; };
		29DA8A09116BADEE00D50DFC /* NGElementAttribute.m in Sources */ = {isa = PBXBuildFile; fileRef = 29DA8A07116BADEE00D50DFC /* NGElementAttribute.m */; };
		29DA8A0C116BB44A00D50DFC /* NGTextViewEditingStyle.m in Sources */ = {isa = PBXBuildFile; fileRef = 29DA8A0B116BB44A00D50DFC /* NGTextViewEditingStyle.m */; };
		29DA8A0D116BB44A00D50DFC /* NGTextViewEditingStyle.m in Sources */ = {isa = PBXBuildFile; fileRef = 29DA8A0B116BB44A00D50DFC /* NGTextViewEditingStyle.m */; };
		29E14CDA115D214100B76AFA /* NGTextView.m in Sources */ = {isa = PBXBuildFile; fileRef = 29E14CD9115D214100B76AFA /* NGTextView.m */; };
		29E14CDB115D214100B76AFA /* NGTextView.m in Sources */ = {isa = PBXBuildFile; fileRef = 29E14CD9115D214100B76AFA /* NGTextView.m */; };
		29E7B7D01140A692001E3644 /* libProtocolBuffers.a in Frameworks */ = {isa = PBXBuildFile; fileRef = 29E7B7CB1140A67A001E3644 /* libProtocolBuffers.a */; };
		29E7B80F1140C2FE001E3644 /* NGRpc.m in Sources */ = {isa = PBXBuildFile; fileRef = 29E7B80E1140C2FE001E3644 /* NGRpc.m */; };
		29ED64FF116DA38A009389CB /* NGElementAnnotation.m in Sources */ = {isa = PBXBuildFile; fileRef = 29ED64FE116DA38A009389CB /* NGElementAnnotation.m */; };
		29ED6500116DA38A009389CB /* NGElementAnnotation.m in Sources */ = {isa = PBXBuildFile; fileRef = 29ED64FE116DA38A009389CB /* NGElementAnnotation.m */; };
		8D11072B0486CEB800E47090 /* InfoPlist.strings in Resources */ = {isa = PBXBuildFile; fileRef = 089C165CFE840E0CC02AAC07 /* InfoPlist.strings */; };
		8D11072D0486CEB800E47090 /* main.m in Sources */ = {isa = PBXBuildFile; fileRef = 29B97316FDCFA39411CA2CEA /* main.m */; settings = {ATTRIBUTES = (); }; };
		8D11072F0486CEB800E47090 /* Cocoa.framework in Frameworks */ = {isa = PBXBuildFile; fileRef = 1058C7A1FEA54F0111CA2CBB /* Cocoa.framework */; };
/* End PBXBuildFile section */

/* Begin PBXContainerItemProxy section */
		295264751140F7B000CA2C90 /* PBXContainerItemProxy */ = {
			isa = PBXContainerItemProxy;
			containerPortal = 29B97313FDCFA39411CA2CEA /* Project object */;
			proxyType = 1;
			remoteGlobalIDString = 8D1107260486CEB800E47090;
			remoteInfo = "NG Google Wave Client";
		};
		295265981140FD0E00CA2C90 /* PBXContainerItemProxy */ = {
			isa = PBXContainerItemProxy;
			containerPortal = 29E7B7C11140A67A001E3644 /* ProtocolBuffers.xcodeproj */;
			proxyType = 1;
			remoteGlobalIDString = 7461B52D0F94FAF800A0C422;
			remoteInfo = ProtocolBuffers;
		};
		29E7B7CA1140A67A001E3644 /* PBXContainerItemProxy */ = {
			isa = PBXContainerItemProxy;
			containerPortal = 29E7B7C11140A67A001E3644 /* ProtocolBuffers.xcodeproj */;
			proxyType = 2;
			remoteGlobalIDString = 7461B52E0F94FAF800A0C422;
			remoteInfo = ProtocolBuffers;
		};
		29E7B7CC1140A67A001E3644 /* PBXContainerItemProxy */ = {
			isa = PBXContainerItemProxy;
			containerPortal = 29E7B7C11140A67A001E3644 /* ProtocolBuffers.xcodeproj */;
			proxyType = 2;
			remoteGlobalIDString = 7401C1A80F950347006D8281;
			remoteInfo = UnitTests;
		};
		29E7B7CE1140A67A001E3644 /* PBXContainerItemProxy */ = {
			isa = PBXContainerItemProxy;
			containerPortal = 29E7B7C11140A67A001E3644 /* ProtocolBuffers.xcodeproj */;
			proxyType = 2;
			remoteGlobalIDString = 748F14580FD75E3B000858A9;
			remoteInfo = CommandLineTests;
		};
		29E7B7D91140BBCF001E3644 /* PBXContainerItemProxy */ = {
			isa = PBXContainerItemProxy;
			containerPortal = 29E7B7C11140A67A001E3644 /* ProtocolBuffers.xcodeproj */;
			proxyType = 1;
			remoteGlobalIDString = 7461B52D0F94FAF800A0C422;
			remoteInfo = ProtocolBuffers;
		};
/* End PBXContainerItemProxy section */

/* Begin PBXFileReference section */
		089C165DFE840E0CC02AAC07 /* English */ = {isa = PBXFileReference; fileEncoding = 4; lastKnownFileType = text.plist.strings; name = English; path = English.lproj/InfoPlist.strings; sourceTree = "<group>"; };
		1058C7A1FEA54F0111CA2CBB /* Cocoa.framework */ = {isa = PBXFileReference; lastKnownFileType = wrapper.framework; name = Cocoa.framework; path = /System/Library/Frameworks/Cocoa.framework; sourceTree = "<absolute>"; };
		13E42FB307B3F0F600E4EEF1 /* CoreData.framework */ = {isa = PBXFileReference; lastKnownFileType = wrapper.framework; name = CoreData.framework; path = /System/Library/Frameworks/CoreData.framework; sourceTree = "<absolute>"; };
		1DDD58150DA1D0A300B32029 /* English */ = {isa = PBXFileReference; lastKnownFileType = file.xib; name = English; path = English.lproj/MainMenu.xib; sourceTree = "<group>"; };
		256AC3D80F4B6AC300CF3369 /* NgProjectAppDelegate.h */ = {isa = PBXFileReference; fileEncoding = 4; lastKnownFileType = sourcecode.c.h; path = NgProjectAppDelegate.h; sourceTree = "<group>"; };
		256AC3D90F4B6AC300CF3369 /* NgProjectAppDelegate.m */ = {isa = PBXFileReference; fileEncoding = 4; lastKnownFileType = sourcecode.c.objc; path = NgProjectAppDelegate.m; sourceTree = "<group>"; };
		256AC3F00F4B6AF500CF3369 /* NgProject_Prefix.pch */ = {isa = PBXFileReference; fileEncoding = 4; lastKnownFileType = sourcecode.c.h; path = NgProject_Prefix.pch; sourceTree = "<group>"; };
		29258AFD114ECC4200ED4F98 /* NGWaveUrl.h */ = {isa = PBXFileReference; fileEncoding = 4; lastKnownFileType = sourcecode.c.h; name = NGWaveUrl.h; path = lib/model/NGWaveUrl.h; sourceTree = "<group>"; };
		29258AFE114ECC4200ED4F98 /* NGWaveUrl.m */ = {isa = PBXFileReference; fileEncoding = 4; lastKnownFileType = sourcecode.c.objc; name = NGWaveUrl.m; path = lib/model/NGWaveUrl.m; sourceTree = "<group>"; };
		29258B01114ED59800ED4F98 /* NGWaveUrlTest.h */ = {isa = PBXFileReference; fileEncoding = 4; lastKnownFileType = sourcecode.c.h; name = NGWaveUrlTest.h; path = test/lib/model/NGWaveUrlTest.h; sourceTree = "<group>"; };
		29258B02114ED59800ED4F98 /* NGWaveUrlTest.m */ = {isa = PBXFileReference; fileEncoding = 4; lastKnownFileType = sourcecode.c.objc; name = NGWaveUrlTest.m; path = test/lib/model/NGWaveUrlTest.m; sourceTree = "<group>"; };
		29480030116E3C23007A5EDB /* NGElementAnnotationUpdate.h */ = {isa = PBXFileReference; fileEncoding = 4; lastKnownFileType = sourcecode.c.h; name = NGElementAnnotationUpdate.h; path = lib/model/NGElementAnnotationUpdate.h; sourceTree = "<group>"; };
		29480031116E3C23007A5EDB /* NGElementAnnotationUpdate.m */ = {isa = PBXFileReference; fileEncoding = 4; lastKnownFileType = sourcecode.c.objc; name = NGElementAnnotationUpdate.m; path = lib/model/NGElementAnnotationUpdate.m; sourceTree = "<group>"; };
		295264701140F78800CA2C90 /* UnitTests.octest */ = {isa = PBXFileReference; explicitFileType = wrapper.cfbundle; includeInIndex = 0; path = UnitTests.octest; sourceTree = BUILT_PRODUCTS_DIR; };
		295264711140F78800CA2C90 /* UnitTests-Info.plist */ = {isa = PBXFileReference; lastKnownFileType = text.plist.xml; path = "UnitTests-Info.plist"; sourceTree = "<group>"; };
		295264991140F91A00CA2C90 /* NGRpcTest.h */ = {isa = PBXFileReference; fileEncoding = 4; lastKnownFileType = sourcecode.c.h; name = NGRpcTest.h; path = test/lib/network/NGRpcTest.h; sourceTree = "<group>"; };
		2952649A1140F91A00CA2C90 /* NGRpcTest.m */ = {isa = PBXFileReference; fileEncoding = 4; lastKnownFileType = sourcecode.c.objc; name = NGRpcTest.m; path = test/lib/network/NGRpcTest.m; sourceTree = "<group>"; };
		29A7E769114DAE3D006D61A8 /* NGParticipantId.h */ = {isa = PBXFileReference; fileEncoding = 4; lastKnownFileType = sourcecode.c.h; name = NGParticipantId.h; path = lib/model/NGParticipantId.h; sourceTree = "<group>"; };
		29A7E76A114DAE3D006D61A8 /* NGParticipantId.m */ = {isa = PBXFileReference; fileEncoding = 4; lastKnownFileType = sourcecode.c.objc; name = NGParticipantId.m; path = lib/model/NGParticipantId.m; sourceTree = "<group>"; };
		29A7E790114DB34E006D61A8 /* NGParticipantIdTest.h */ = {isa = PBXFileReference; fileEncoding = 4; lastKnownFileType = sourcecode.c.h; name = NGParticipantIdTest.h; path = test/lib/model/NGParticipantIdTest.h; sourceTree = "<group>"; };
		29A7E791114DB34E006D61A8 /* NGParticipantIdTest.m */ = {isa = PBXFileReference; fileEncoding = 4; lastKnownFileType = sourcecode.c.objc; name = NGParticipantIdTest.m; path = test/lib/model/NGParticipantIdTest.m; sourceTree = "<group>"; };
		29A7E7F0114DEF02006D61A8 /* NGInboxViewDelegate.h */ = {isa = PBXFileReference; fileEncoding = 4; lastKnownFileType = sourcecode.c.h; path = NGInboxViewDelegate.h; sourceTree = "<group>"; };
		29A7E7F1114DEF02006D61A8 /* NGInboxViewDelegate.m */ = {isa = PBXFileReference; fileEncoding = 4; lastKnownFileType = sourcecode.c.objc; path = NGInboxViewDelegate.m; sourceTree = "<group>"; };
		29B46CD7114AD91C00AC74D7 /* Common.pb.h */ = {isa = PBXFileReference; fileEncoding = 4; lastKnownFileType = sourcecode.c.h; path = Common.pb.h; sourceTree = "<group>"; };
		29B46CD8114AD91C00AC74D7 /* Common.pb.m */ = {isa = PBXFileReference; fileEncoding = 4; lastKnownFileType = sourcecode.c.objc; path = Common.pb.m; sourceTree = "<group>"; };
		29B46CD9114AD91C00AC74D7 /* common.proto */ = {isa = PBXFileReference; fileEncoding = 4; lastKnownFileType = text; path = common.proto; sourceTree = "<group>"; };
		29B46CDA114AD91C00AC74D7 /* waveclient-rpc.proto */ = {isa = PBXFileReference; fileEncoding = 4; lastKnownFileType = text; path = "waveclient-rpc.proto"; sourceTree = "<group>"; };
		29B46CDB114AD91C00AC74D7 /* WaveclientRpc.pb.h */ = {isa = PBXFileReference; fileEncoding = 4; lastKnownFileType = sourcecode.c.h; path = WaveclientRpc.pb.h; sourceTree = "<group>"; };
		29B46CDC114AD91C00AC74D7 /* WaveclientRpc.pb.m */ = {isa = PBXFileReference; fileEncoding = 4; lastKnownFileType = sourcecode.c.objc; path = WaveclientRpc.pb.m; sourceTree = "<group>"; };
		29B46CFA114AD9EA00AC74D7 /* NGHeader.h */ = {isa = PBXFileReference; fileEncoding = 4; lastKnownFileType = sourcecode.c.h; name = NGHeader.h; path = lib/NGHeader.h; sourceTree = "<group>"; };
		29B97316FDCFA39411CA2CEA /* main.m */ = {isa = PBXFileReference; fileEncoding = 4; lastKnownFileType = sourcecode.c.objc; path = main.m; sourceTree = "<group>"; };
		29B97324FDCFA39411CA2CEA /* AppKit.framework */ = {isa = PBXFileReference; lastKnownFileType = wrapper.framework; name = AppKit.framework; path = /System/Library/Frameworks/AppKit.framework; sourceTree = "<absolute>"; };
		29B97325FDCFA39411CA2CEA /* Foundation.framework */ = {isa = PBXFileReference; lastKnownFileType = wrapper.framework; name = Foundation.framework; path = /System/Library/Frameworks/Foundation.framework; sourceTree = "<absolute>"; };
		29BD932E11417C2100AA22AE /* NGNetwork.h */ = {isa = PBXFileReference; fileEncoding = 4; lastKnownFileType = sourcecode.c.h; name = NGNetwork.h; path = lib/network/NGNetwork.h; sourceTree = "<group>"; };
		29BD932F11417C2100AA22AE /* NGNetwork.m */ = {isa = PBXFileReference; fileEncoding = 4; lastKnownFileType = sourcecode.c.objc; name = NGNetwork.m; path = lib/network/NGNetwork.m; sourceTree = "<group>"; };
		29BD937B1141950700AA22AE /* NGNetworkTest.h */ = {isa = PBXFileReference; fileEncoding = 4; lastKnownFileType = sourcecode.c.h; name = NGNetworkTest.h; path = test/lib/network/NGNetworkTest.h; sourceTree = "<group>"; };
		29BD937C1141950700AA22AE /* NGNetworkTest.m */ = {isa = PBXFileReference; fileEncoding = 4; lastKnownFileType = sourcecode.c.objc; name = NGNetworkTest.m; path = test/lib/network/NGNetworkTest.m; sourceTree = "<group>"; };
		29BD94AA1142198F00AA22AE /* NGRandomIdGenerator.h */ = {isa = PBXFileReference; fileEncoding = 4; lastKnownFileType = sourcecode.c.h; name = NGRandomIdGenerator.h; path = lib/util/NGRandomIdGenerator.h; sourceTree = "<group>"; };
		29BD94AB1142198F00AA22AE /* NGRandomIdGenerator.m */ = {isa = PBXFileReference; fileEncoding = 4; lastKnownFileType = sourcecode.c.objc; name = NGRandomIdGenerator.m; path = lib/util/NGRandomIdGenerator.m; sourceTree = "<group>"; };
		29BD94E01142375200AA22AE /* NGWaveId.h */ = {isa = PBXFileReference; fileEncoding = 4; lastKnownFileType = sourcecode.c.h; name = NGWaveId.h; path = lib/model/NGWaveId.h; sourceTree = "<group>"; };
		29BD94E11142375200AA22AE /* NGWaveId.m */ = {isa = PBXFileReference; fileEncoding = 4; lastKnownFileType = sourcecode.c.objc; name = NGWaveId.m; path = lib/model/NGWaveId.m; sourceTree = "<group>"; };
		29BD94FD11423ED800AA22AE /* NGWaveletId.h */ = {isa = PBXFileReference; fileEncoding = 4; lastKnownFileType = sourcecode.c.h; name = NGWaveletId.h; path = lib/model/NGWaveletId.h; sourceTree = "<group>"; };
		29BD94FE1142406E00AA22AE /* NGWaveletId.m */ = {isa = PBXFileReference; fileEncoding = 4; lastKnownFileType = sourcecode.c.objc; name = NGWaveletId.m; path = lib/model/NGWaveletId.m; sourceTree = "<group>"; };
		29BD958A1142495C00AA22AE /* NGWaveIdTest.h */ = {isa = PBXFileReference; fileEncoding = 4; lastKnownFileType = sourcecode.c.h; name = NGWaveIdTest.h; path = test/lib/model/NGWaveIdTest.h; sourceTree = "<group>"; };
		29BD958B1142495C00AA22AE /* NGWaveIdTest.m */ = {isa = PBXFileReference; fileEncoding = 4; lastKnownFileType = sourcecode.c.objc; name = NGWaveIdTest.m; path = test/lib/model/NGWaveIdTest.m; sourceTree = "<group>"; };
		29BD95CB11424F3300AA22AE /* NGWaveletIdTest.h */ = {isa = PBXFileReference; fileEncoding = 4; lastKnownFileType = sourcecode.c.h; name = NGWaveletIdTest.h; path = test/lib/model/NGWaveletIdTest.h; sourceTree = "<group>"; };
		29BD95CC11424F3300AA22AE /* NGWaveletIdTest.m */ = {isa = PBXFileReference; fileEncoding = 4; lastKnownFileType = sourcecode.c.objc; name = NGWaveletIdTest.m; path = test/lib/model/NGWaveletIdTest.m; sourceTree = "<group>"; };
		29CDE9C7114C8C6100B95C82 /* NGRpcMessage.h */ = {isa = PBXFileReference; fileEncoding = 4; lastKnownFileType = sourcecode.c.h; name = NGRpcMessage.h; path = lib/model/NGRpcMessage.h; sourceTree = "<group>"; };
		29CDE9C8114C8C6100B95C82 /* NGRpcMessage.m */ = {isa = PBXFileReference; fileEncoding = 4; lastKnownFileType = sourcecode.c.objc; name = NGRpcMessage.m; path = lib/model/NGRpcMessage.m; sourceTree = "<group>"; };
		29DA8A06116BADEE00D50DFC /* NGElementAttribute.h */ = {isa = PBXFileReference; fileEncoding = 4; lastKnownFileType = sourcecode.c.h; name = NGElementAttribute.h; path = lib/model/NGElementAttribute.h; sourceTree = "<group>"; };
		29DA8A07116BADEE00D50DFC /* NGElementAttribute.m */ = {isa = PBXFileReference; fileEncoding = 4; lastKnownFileType = sourcecode.c.objc; name = NGElementAttribute.m; path = lib/model/NGElementAttribute.m; sourceTree = "<group>"; };
		29DA8A0A116BB44A00D50DFC /* NGTextViewEditingStyle.h */ = {isa = PBXFileReference; fileEncoding = 4; lastKnownFileType = sourcecode.c.h; path = NGTextViewEditingStyle.h; sourceTree = "<group>"; };
		29DA8A0B116BB44A00D50DFC /* NGTextViewEditingStyle.m */ = {isa = PBXFileReference; fileEncoding = 4; lastKnownFileType = sourcecode.c.objc; path = NGTextViewEditingStyle.m; sourceTree = "<group>"; };
		29E14CD8115D214100B76AFA /* NGTextView.h */ = {isa = PBXFileReference; fileEncoding = 4; lastKnownFileType = sourcecode.c.h; path = NGTextView.h; sourceTree = "<group>"; };
		29E14CD9115D214100B76AFA /* NGTextView.m */ = {isa = PBXFileReference; fileEncoding = 4; lastKnownFileType = sourcecode.c.objc; path = NGTextView.m; sourceTree = "<group>"; };
		29E7B7C11140A67A001E3644 /* ProtocolBuffers.xcodeproj */ = {isa = PBXFileReference; lastKnownFileType = "wrapper.pb-project"; name = ProtocolBuffers.xcodeproj; path = "third-party/ProtocolBuffers/ProtocolBuffers.xcodeproj"; sourceTree = "<group>"; };
		29E7B7D81140BBB9001E3644 /* ProtocolBuffers.h */ = {isa = PBXFileReference; fileEncoding = 4; lastKnownFileType = sourcecode.c.h; name = ProtocolBuffers.h; path = "third-party/ProtocolBuffers/Classes/ProtocolBuffers.h"; sourceTree = "<group>"; };
		29E7B80D1140C2FE001E3644 /* NGRpc.h */ = {isa = PBXFileReference; fileEncoding = 4; lastKnownFileType = sourcecode.c.h; name = NGRpc.h; path = lib/network/NGRpc.h; sourceTree = "<group>"; };
		29E7B80E1140C2FE001E3644 /* NGRpc.m */ = {isa = PBXFileReference; fileEncoding = 4; lastKnownFileType = sourcecode.c.objc; name = NGRpc.m; path = lib/network/NGRpc.m; sourceTree = "<group>"; };
		29ED64FD116DA38A009389CB /* NGElementAnnotation.h */ = {isa = PBXFileReference; fileEncoding = 4; lastKnownFileType = sourcecode.c.h; name = NGElementAnnotation.h; path = lib/model/NGElementAnnotation.h; sourceTree = "<group>"; };
		29ED64FE116DA38A009389CB /* NGElementAnnotation.m */ = {isa = PBXFileReference; fileEncoding = 4; lastKnownFileType = sourcecode.c.objc; name = NGElementAnnotation.m; path = lib/model/NGElementAnnotation.m; sourceTree = "<group>"; };
		8D1107310486CEB800E47090 /* NgProject-Info.plist */ = {isa = PBXFileReference; fileEncoding = 4; lastKnownFileType = text.plist.xml; path = "NgProject-Info.plist"; sourceTree = "<group>"; };
		8D1107320486CEB800E47090 /* NgProject.app */ = {isa = PBXFileReference; explicitFileType = wrapper.application; includeInIndex = 0; path = NgProject.app; sourceTree = BUILT_PRODUCTS_DIR; };
/* End PBXFileReference section */

/* Begin PBXFrameworksBuildPhase section */
		2952646D1140F78800CA2C90 /* Frameworks */ = {
			isa = PBXFrameworksBuildPhase;
			buildActionMask = 2147483647;
			files = (
				295265A51140FD6A00CA2C90 /* Cocoa.framework in Frameworks */,
				2952659A1140FD1D00CA2C90 /* libProtocolBuffers.a in Frameworks */,
			);
			runOnlyForDeploymentPostprocessing = 0;
		};
		8D11072E0486CEB800E47090 /* Frameworks */ = {
			isa = PBXFrameworksBuildPhase;
			buildActionMask = 2147483647;
			files = (
				29E7B7D01140A692001E3644 /* libProtocolBuffers.a in Frameworks */,
				8D11072F0486CEB800E47090 /* Cocoa.framework in Frameworks */,
			);
			runOnlyForDeploymentPostprocessing = 0;
		};
/* End PBXFrameworksBuildPhase section */

/* Begin PBXGroup section */
		080E96DDFE201D6D7F000001 /* Classes */ = {
			isa = PBXGroup;
			children = (
				29B46CD6114AD91C00AC74D7 /* proto */,
				29BD94DF114235AE00AA22AE /* model */,
				29BD94A91142194900AA22AE /* util */,
				29E7B80B1140C27D001E3644 /* network */,
				256AC3D80F4B6AC300CF3369 /* NgProjectAppDelegate.h */,
				256AC3D90F4B6AC300CF3369 /* NgProjectAppDelegate.m */,
				29A7E7F0114DEF02006D61A8 /* NGInboxViewDelegate.h */,
				29A7E7F1114DEF02006D61A8 /* NGInboxViewDelegate.m */,
				29E14CD8115D214100B76AFA /* NGTextView.h */,
				29E14CD9115D214100B76AFA /* NGTextView.m */,
				29DA8A0A116BB44A00D50DFC /* NGTextViewEditingStyle.h */,
				29DA8A0B116BB44A00D50DFC /* NGTextViewEditingStyle.m */,
			);
			name = Classes;
			sourceTree = "<group>";
		};
		1058C7A0FEA54F0111CA2CBB /* Linked Frameworks */ = {
			isa = PBXGroup;
			children = (
				1058C7A1FEA54F0111CA2CBB /* Cocoa.framework */,
			);
			name = "Linked Frameworks";
			sourceTree = "<group>";
		};
		1058C7A2FEA54F0111CA2CBB /* Other Frameworks */ = {
			isa = PBXGroup;
			children = (
				29B97324FDCFA39411CA2CEA /* AppKit.framework */,
				13E42FB307B3F0F600E4EEF1 /* CoreData.framework */,
				29B97325FDCFA39411CA2CEA /* Foundation.framework */,
			);
			name = "Other Frameworks";
			sourceTree = "<group>";
		};
		19C28FACFE9D520D11CA2CBB /* Products */ = {
			isa = PBXGroup;
			children = (
				8D1107320486CEB800E47090 /* NgProject.app */,
				295264701140F78800CA2C90 /* UnitTests.octest */,
			);
			name = Products;
			sourceTree = "<group>";
		};
		2952644E1140F3E200CA2C90 /* Tests */ = {
			isa = PBXGroup;
			children = (
				29BD95891142492500AA22AE /* model */,
				2952649C1140F92000CA2C90 /* network */,
			);
			name = Tests;
			sourceTree = "<group>";
		};
		2952649C1140F92000CA2C90 /* network */ = {
			isa = PBXGroup;
			children = (
				295264991140F91A00CA2C90 /* NGRpcTest.h */,
				2952649A1140F91A00CA2C90 /* NGRpcTest.m */,
				29BD937B1141950700AA22AE /* NGNetworkTest.h */,
				29BD937C1141950700AA22AE /* NGNetworkTest.m */,
			);
			name = network;
			sourceTree = "<group>";
		};
		29B46CD6114AD91C00AC74D7 /* proto */ = {
			isa = PBXGroup;
			children = (
				29B46CD7114AD91C00AC74D7 /* Common.pb.h */,
				29B46CD8114AD91C00AC74D7 /* Common.pb.m */,
				29B46CD9114AD91C00AC74D7 /* common.proto */,
				29B46CDA114AD91C00AC74D7 /* waveclient-rpc.proto */,
				29B46CDB114AD91C00AC74D7 /* WaveclientRpc.pb.h */,
				29B46CDC114AD91C00AC74D7 /* WaveclientRpc.pb.m */,
			);
			name = proto;
			path = lib/proto;
			sourceTree = "<group>";
		};
		29B97314FDCFA39411CA2CEA /* NgProject */ = {
			isa = PBXGroup;
			children = (
				29E7B7C11140A67A001E3644 /* ProtocolBuffers.xcodeproj */,
				080E96DDFE201D6D7F000001 /* Classes */,
				29B97315FDCFA39411CA2CEA /* Other Sources */,
				2952644E1140F3E200CA2C90 /* Tests */,
				29B97317FDCFA39411CA2CEA /* Resources */,
				29B97323FDCFA39411CA2CEA /* Frameworks */,
				19C28FACFE9D520D11CA2CBB /* Products */,
			);
			name = NgProject;
			sourceTree = "<group>";
		};
		29B97315FDCFA39411CA2CEA /* Other Sources */ = {
			isa = PBXGroup;
			children = (
				29E7B7D81140BBB9001E3644 /* ProtocolBuffers.h */,
				256AC3F00F4B6AF500CF3369 /* NgProject_Prefix.pch */,
				29B97316FDCFA39411CA2CEA /* main.m */,
				29B46CFA114AD9EA00AC74D7 /* NGHeader.h */,
			);
			name = "Other Sources";
			sourceTree = "<group>";
		};
		29B97317FDCFA39411CA2CEA /* Resources */ = {
			isa = PBXGroup;
			children = (
				295264711140F78800CA2C90 /* UnitTests-Info.plist */,
				8D1107310486CEB800E47090 /* NgProject-Info.plist */,
				089C165CFE840E0CC02AAC07 /* InfoPlist.strings */,
				1DDD58140DA1D0A300B32029 /* MainMenu.xib */,
			);
			name = Resources;
			sourceTree = "<group>";
		};
		29B97323FDCFA39411CA2CEA /* Frameworks */ = {
			isa = PBXGroup;
			children = (
				1058C7A0FEA54F0111CA2CBB /* Linked Frameworks */,
				1058C7A2FEA54F0111CA2CBB /* Other Frameworks */,
			);
			name = Frameworks;
			sourceTree = "<group>";
		};
		29BD94A91142194900AA22AE /* util */ = {
			isa = PBXGroup;
			children = (
				29BD94AA1142198F00AA22AE /* NGRandomIdGenerator.h */,
				29BD94AB1142198F00AA22AE /* NGRandomIdGenerator.m */,
			);
			name = util;
			sourceTree = "<group>";
		};
		29BD94DF114235AE00AA22AE /* model */ = {
			isa = PBXGroup;
			children = (
				29BD94E01142375200AA22AE /* NGWaveId.h */,
				29BD94E11142375200AA22AE /* NGWaveId.m */,
				29BD94FD11423ED800AA22AE /* NGWaveletId.h */,
				29BD94FE1142406E00AA22AE /* NGWaveletId.m */,
				29CDE9C7114C8C6100B95C82 /* NGRpcMessage.h */,
				29CDE9C8114C8C6100B95C82 /* NGRpcMessage.m */,
				29A7E769114DAE3D006D61A8 /* NGParticipantId.h */,
				29A7E76A114DAE3D006D61A8 /* NGParticipantId.m */,
				29258AFD114ECC4200ED4F98 /* NGWaveUrl.h */,
				29258AFE114ECC4200ED4F98 /* NGWaveUrl.m */,
				29DA8A06116BADEE00D50DFC /* NGElementAttribute.h */,
				29DA8A07116BADEE00D50DFC /* NGElementAttribute.m */,
				29ED64FD116DA38A009389CB /* NGElementAnnotation.h */,
				29ED64FE116DA38A009389CB /* NGElementAnnotation.m */,
				29480030116E3C23007A5EDB /* NGElementAnnotationUpdate.h */,
				29480031116E3C23007A5EDB /* NGElementAnnotationUpdate.m */,
			);
			name = model;
			sourceTree = "<group>";
		};
		29BD95891142492500AA22AE /* model */ = {
			isa = PBXGroup;
			children = (
				29BD95CB11424F3300AA22AE /* NGWaveletIdTest.h */,
				29BD95CC11424F3300AA22AE /* NGWaveletIdTest.m */,
				29BD958A1142495C00AA22AE /* NGWaveIdTest.h */,
				29BD958B1142495C00AA22AE /* NGWaveIdTest.m */,
				29A7E790114DB34E006D61A8 /* NGParticipantIdTest.h */,
				29A7E791114DB34E006D61A8 /* NGParticipantIdTest.m */,
				29258B01114ED59800ED4F98 /* NGWaveUrlTest.h */,
				29258B02114ED59800ED4F98 /* NGWaveUrlTest.m */,
			);
			name = model;
			sourceTree = "<group>";
		};
		29E7B7C21140A67A001E3644 /* Products */ = {
			isa = PBXGroup;
			children = (
				29E7B7CB1140A67A001E3644 /* libProtocolBuffers.a */,
				29E7B7CD1140A67A001E3644 /* UnitTests.octest */,
				29E7B7CF1140A67A001E3644 /* CommandLineTests.app */,
			);
			name = Products;
			sourceTree = "<group>";
		};
		29E7B80B1140C27D001E3644 /* network */ = {
			isa = PBXGroup;
			children = (
				29BD932E11417C2100AA22AE /* NGNetwork.h */,
				29BD932F11417C2100AA22AE /* NGNetwork.m */,
				29E7B80D1140C2FE001E3644 /* NGRpc.h */,
				29E7B80E1140C2FE001E3644 /* NGRpc.m */,
			);
			name = network;
			sourceTree = "<group>";
		};
/* End PBXGroup section */

/* Begin PBXNativeTarget section */
		2952646F1140F78800CA2C90 /* UnitTests */ = {
			isa = PBXNativeTarget;
			buildConfigurationList = 295264741140F78900CA2C90 /* Build configuration list for PBXNativeTarget "UnitTests" */;
			buildPhases = (
				2952646B1140F78800CA2C90 /* Resources */,
				2952646C1140F78800CA2C90 /* Sources */,
				2952646D1140F78800CA2C90 /* Frameworks */,
				2952646E1140F78800CA2C90 /* ShellScript */,
			);
			buildRules = (
			);
			dependencies = (
				295264761140F7B000CA2C90 /* PBXTargetDependency */,
				295265991140FD0E00CA2C90 /* PBXTargetDependency */,
			);
			name = UnitTests;
			productName = UnitTests;
			productReference = 295264701140F78800CA2C90 /* UnitTests.octest */;
			productType = "com.apple.product-type.bundle";
		};
		8D1107260486CEB800E47090 /* NG Google Wave Client */ = {
			isa = PBXNativeTarget;
			buildConfigurationList = C01FCF4A08A954540054247B /* Build configuration list for PBXNativeTarget "NG Google Wave Client" */;
			buildPhases = (
				8D1107290486CEB800E47090 /* Resources */,
				8D11072C0486CEB800E47090 /* Sources */,
				8D11072E0486CEB800E47090 /* Frameworks */,
			);
			buildRules = (
			);
			dependencies = (
				29E7B7DA1140BBCF001E3644 /* PBXTargetDependency */,
			);
			name = "NG Google Wave Client";
			productInstallPath = "$(HOME)/Applications";
			productName = NgProject;
			productReference = 8D1107320486CEB800E47090 /* NgProject.app */;
			productType = "com.apple.product-type.application";
		};
/* End PBXNativeTarget section */

/* Begin PBXProject section */
		29B97313FDCFA39411CA2CEA /* Project object */ = {
			isa = PBXProject;
			attributes = {
				ORGANIZATIONNAME = "Longyi Qi";
			};
			buildConfigurationList = C01FCF4E08A954540054247B /* Build configuration list for PBXProject "NgProject" */;
			compatibilityVersion = "Xcode 3.1";
			hasScannedForEncodings = 1;
			mainGroup = 29B97314FDCFA39411CA2CEA /* NgProject */;
			projectDirPath = "";
			projectReferences = (
				{
					ProductGroup = 29E7B7C21140A67A001E3644 /* Products */;
					ProjectRef = 29E7B7C11140A67A001E3644 /* ProtocolBuffers.xcodeproj */;
				},
			);
			projectRoot = "";
			targets = (
				8D1107260486CEB800E47090 /* NG Google Wave Client */,
				2952646F1140F78800CA2C90 /* UnitTests */,
			);
		};
/* End PBXProject section */

/* Begin PBXReferenceProxy section */
		29E7B7CB1140A67A001E3644 /* libProtocolBuffers.a */ = {
			isa = PBXReferenceProxy;
			fileType = archive.ar;
			path = libProtocolBuffers.a;
			remoteRef = 29E7B7CA1140A67A001E3644 /* PBXContainerItemProxy */;
			sourceTree = BUILT_PRODUCTS_DIR;
		};
		29E7B7CD1140A67A001E3644 /* UnitTests.octest */ = {
			isa = PBXReferenceProxy;
			fileType = wrapper.cfbundle;
			path = UnitTests.octest;
			remoteRef = 29E7B7CC1140A67A001E3644 /* PBXContainerItemProxy */;
			sourceTree = BUILT_PRODUCTS_DIR;
		};
		29E7B7CF1140A67A001E3644 /* CommandLineTests.app */ = {
			isa = PBXReferenceProxy;
			fileType = wrapper.application;
			path = CommandLineTests.app;
			remoteRef = 29E7B7CE1140A67A001E3644 /* PBXContainerItemProxy */;
			sourceTree = BUILT_PRODUCTS_DIR;
		};
/* End PBXReferenceProxy section */

/* Begin PBXResourcesBuildPhase section */
		2952646B1140F78800CA2C90 /* Resources */ = {
			isa = PBXResourcesBuildPhase;
			buildActionMask = 2147483647;
			files = (
			);
			runOnlyForDeploymentPostprocessing = 0;
		};
		8D1107290486CEB800E47090 /* Resources */ = {
			isa = PBXResourcesBuildPhase;
			buildActionMask = 2147483647;
			files = (
				8D11072B0486CEB800E47090 /* InfoPlist.strings in Resources */,
				1DDD58160DA1D0A300B32029 /* MainMenu.xib in Resources */,
			);
			runOnlyForDeploymentPostprocessing = 0;
		};
/* End PBXResourcesBuildPhase section */

/* Begin PBXShellScriptBuildPhase section */
		2952646E1140F78800CA2C90 /* ShellScript */ = {
			isa = PBXShellScriptBuildPhase;
			buildActionMask = 2147483647;
			files = (
			);
			inputPaths = (
			);
			outputPaths = (
			);
			runOnlyForDeploymentPostprocessing = 0;
			shellPath = /bin/sh;
			shellScript = "# Run the unit tests in this test bundle.\n\"${SYSTEM_DEVELOPER_DIR}/Tools/RunUnitTests\"\n";
		};
/* End PBXShellScriptBuildPhase section */

/* Begin PBXSourcesBuildPhase section */
		2952646C1140F78800CA2C90 /* Sources */ = {
			isa = PBXSourcesBuildPhase;
			buildActionMask = 2147483647;
			files = (
				29A7E7A8114DB6A2006D61A8 /* NGRpcMessage.m in Sources */,
				29BD937E1141951C00AA22AE /* NGNetwork.m in Sources */,
				295265BA1140FEC800CA2C90 /* NGRpc.m in Sources */,
				2952649B1140F91A00CA2C90 /* NGRpcTest.m in Sources */,
				29BD937D1141950700AA22AE /* NGNetworkTest.m in Sources */,
				29BD94AC1142198F00AA22AE /* NGRandomIdGenerator.m in Sources */,
				29BD94E21142375200AA22AE /* NGWaveId.m in Sources */,
				29BD94FF1142406E00AA22AE /* NGWaveletId.m in Sources */,
				29BD958C1142495C00AA22AE /* NGWaveIdTest.m in Sources */,
				29BD95CD11424F3300AA22AE /* NGWaveletIdTest.m in Sources */,
				29B46CDD114AD91C00AC74D7 /* Common.pb.m in Sources */,
				29B46CE0114AD91C00AC74D7 /* WaveclientRpc.pb.m in Sources */,
				29A7E76B114DAE3D006D61A8 /* NGParticipantId.m in Sources */,
				29A7E792114DB34E006D61A8 /* NGParticipantIdTest.m in Sources */,
				29258AFF114ECC4200ED4F98 /* NGWaveUrl.m in Sources */,
				29258B03114ED59800ED4F98 /* NGWaveUrlTest.m in Sources */,
				29E14CDA115D214100B76AFA /* NGTextView.m in Sources */,
				29DA8A08116BADEE00D50DFC /* NGElementAttribute.m in Sources */,
				29DA8A0C116BB44A00D50DFC /* NGTextViewEditingStyle.m in Sources */,
				29ED6500116DA38A009389CB /* NGElementAnnotation.m in Sources */,
				29480032116E3C24007A5EDB /* NGElementAnnotationUpdate.m in Sources */,
			);
			runOnlyForDeploymentPostprocessing = 0;
		};
		8D11072C0486CEB800E47090 /* Sources */ = {
			isa = PBXSourcesBuildPhase;
			buildActionMask = 2147483647;
			files = (
				8D11072D0486CEB800E47090 /* main.m in Sources */,
				256AC3DA0F4B6AC300CF3369 /* NgProjectAppDelegate.m in Sources */,
				29E7B80F1140C2FE001E3644 /* NGRpc.m in Sources */,
				29BD933011417C2100AA22AE /* NGNetwork.m in Sources */,
				29BD94AD1142198F00AA22AE /* NGRandomIdGenerator.m in Sources */,
				29BD94E31142375200AA22AE /* NGWaveId.m in Sources */,
				29BD95001142406E00AA22AE /* NGWaveletId.m in Sources */,
				29B46CE1114AD91C00AC74D7 /* Common.pb.m in Sources */,
				29B46CE4114AD91C00AC74D7 /* WaveclientRpc.pb.m in Sources */,
				29CDE9C9114C8C6100B95C82 /* NGRpcMessage.m in Sources */,
				29A7E76C114DAE3E006D61A8 /* NGParticipantId.m in Sources */,
				29A7E7F2114DEF02006D61A8 /* NGInboxViewDelegate.m in Sources */,
				29258B00114ECC4200ED4F98 /* NGWaveUrl.m in Sources */,
				29E14CDB115D214100B76AFA /* NGTextView.m in Sources */,
				29DA8A09116BADEE00D50DFC /* NGElementAttribute.m in Sources */,
				29DA8A0D116BB44A00D50DFC /* NGTextViewEditingStyle.m in Sources */,
				29ED64FF116DA38A009389CB /* NGElementAnnotation.m in Sources */,
				29480033116E3C24007A5EDB /* NGElementAnnotationUpdate.m in Sources */,
			);
			runOnlyForDeploymentPostprocessing = 0;
		};
/* End PBXSourcesBuildPhase section */

/* Begin PBXTargetDependency section */
		295264761140F7B000CA2C90 /* PBXTargetDependency */ = {
			isa = PBXTargetDependency;
			target = 8D1107260486CEB800E47090 /* NG Google Wave Client */;
			targetProxy = 295264751140F7B000CA2C90 /* PBXContainerItemProxy */;
		};
		295265991140FD0E00CA2C90 /* PBXTargetDependency */ = {
			isa = PBXTargetDependency;
			name = ProtocolBuffers;
			targetProxy = 295265981140FD0E00CA2C90 /* PBXContainerItemProxy */;
		};
		29E7B7DA1140BBCF001E3644 /* PBXTargetDependency */ = {
			isa = PBXTargetDependency;
			name = ProtocolBuffers;
			targetProxy = 29E7B7D91140BBCF001E3644 /* PBXContainerItemProxy */;
		};
/* End PBXTargetDependency section */

/* Begin PBXVariantGroup section */
		089C165CFE840E0CC02AAC07 /* InfoPlist.strings */ = {
			isa = PBXVariantGroup;
			children = (
				089C165DFE840E0CC02AAC07 /* English */,
			);
			name = InfoPlist.strings;
			sourceTree = "<group>";
		};
		1DDD58140DA1D0A300B32029 /* MainMenu.xib */ = {
			isa = PBXVariantGroup;
			children = (
				1DDD58150DA1D0A300B32029 /* English */,
			);
			name = MainMenu.xib;
			sourceTree = "<group>";
		};
/* End PBXVariantGroup section */

/* Begin XCBuildConfiguration section */
		295264721140F78900CA2C90 /* Debug */ = {
			isa = XCBuildConfiguration;
			buildSettings = {
				ALWAYS_SEARCH_USER_PATHS = NO;
				COPY_PHASE_STRIP = NO;
				FRAMEWORK_SEARCH_PATHS = "$(DEVELOPER_LIBRARY_DIR)/Frameworks";
				GCC_DYNAMIC_NO_PIC = NO;
				GCC_ENABLE_FIX_AND_CONTINUE = NO;
				GCC_ENABLE_OBJC_EXCEPTIONS = YES;
				GCC_MODEL_TUNING = G5;
				GCC_OPTIMIZATION_LEVEL = 0;
				GCC_PRECOMPILE_PREFIX_HEADER = YES;
				GCC_PREFIX_HEADER = "$(SYSTEM_LIBRARY_DIR)/Frameworks/Cocoa.framework/Headers/Cocoa.h";
				INFOPLIST_FILE = "UnitTests-Info.plist";
				INSTALL_PATH = "$(USER_LIBRARY_DIR)/Bundles";
				OTHER_LDFLAGS = (
					"-framework",
					Cocoa,
					"-framework",
					SenTestingKit,
				);
				PREBINDING = NO;
				PRODUCT_NAME = UnitTests;
				WRAPPER_EXTENSION = octest;
			};
			name = Debug;
		};
		295264731140F78900CA2C90 /* Release */ = {
			isa = XCBuildConfiguration;
			buildSettings = {
				ALWAYS_SEARCH_USER_PATHS = NO;
				COPY_PHASE_STRIP = YES;
				DEBUG_INFORMATION_FORMAT = "dwarf-with-dsym";
				FRAMEWORK_SEARCH_PATHS = "$(DEVELOPER_LIBRARY_DIR)/Frameworks";
				GCC_ENABLE_FIX_AND_CONTINUE = NO;
				GCC_ENABLE_OBJC_EXCEPTIONS = YES;
				GCC_MODEL_TUNING = G5;
				GCC_PRECOMPILE_PREFIX_HEADER = YES;
				GCC_PREFIX_HEADER = "$(SYSTEM_LIBRARY_DIR)/Frameworks/Cocoa.framework/Headers/Cocoa.h";
				INFOPLIST_FILE = "UnitTests-Info.plist";
				INSTALL_PATH = "$(USER_LIBRARY_DIR)/Bundles";
				OTHER_LDFLAGS = (
					"-framework",
					Cocoa,
					"-framework",
					SenTestingKit,
				);
				PREBINDING = NO;
				PRODUCT_NAME = UnitTests;
				WRAPPER_EXTENSION = octest;
				ZERO_LINK = NO;
			};
			name = Release;
		};
		C01FCF4B08A954540054247B /* Debug */ = {
			isa = XCBuildConfiguration;
			buildSettings = {
				ALWAYS_SEARCH_USER_PATHS = NO;
				COPY_PHASE_STRIP = NO;
				GCC_DYNAMIC_NO_PIC = NO;
				GCC_ENABLE_FIX_AND_CONTINUE = YES;
				GCC_MODEL_TUNING = G5;
				GCC_OPTIMIZATION_LEVEL = 0;
				GCC_PRECOMPILE_PREFIX_HEADER = YES;
				GCC_PREFIX_HEADER = NgProject_Prefix.pch;
				INFOPLIST_FILE = "NgProject-Info.plist";
				INSTALL_PATH = "$(HOME)/Applications";
				PRODUCT_NAME = NgProject;
			};
			name = Debug;
		};
		C01FCF4C08A954540054247B /* Release */ = {
			isa = XCBuildConfiguration;
			buildSettings = {
				ALWAYS_SEARCH_USER_PATHS = NO;
				DEBUG_INFORMATION_FORMAT = "dwarf-with-dsym";
				GCC_MODEL_TUNING = G5;
				GCC_PRECOMPILE_PREFIX_HEADER = YES;
				GCC_PREFIX_HEADER = NgProject_Prefix.pch;
				INFOPLIST_FILE = "NgProject-Info.plist";
				INSTALL_PATH = "$(HOME)/Applications";
				PRODUCT_NAME = NgProject;
			};
			name = Release;
		};
		C01FCF4F08A954540054247B /* Debug */ = {
			isa = XCBuildConfiguration;
			buildSettings = {
				ARCHS = "$(ARCHS_STANDARD_32_64_BIT)";
				GCC_C_LANGUAGE_STANDARD = gnu99;
				GCC_OPTIMIZATION_LEVEL = 0;
				GCC_WARN_ABOUT_RETURN_TYPE = YES;
				GCC_WARN_UNUSED_VARIABLE = YES;
				ONLY_ACTIVE_ARCH = YES;
				PREBINDING = NO;
				SDKROOT = macosx10.5;
			};
			name = Debug;
		};
		C01FCF5008A954540054247B /* Release */ = {
			isa = XCBuildConfiguration;
			buildSettings = {
				ARCHS = "$(ARCHS_STANDARD_32_64_BIT)";
				GCC_C_LANGUAGE_STANDARD = gnu99;
				GCC_WARN_ABOUT_RETURN_TYPE = YES;
				GCC_WARN_UNUSED_VARIABLE = YES;
				PREBINDING = NO;
				SDKROOT = macosx10.6;
			};
			name = Release;
		};
/* End XCBuildConfiguration section */

/* Begin XCConfigurationList section */
		295264741140F78900CA2C90 /* Build configuration list for PBXNativeTarget "UnitTests" */ = {
			isa = XCConfigurationList;
			buildConfigurations = (
				295264721140F78900CA2C90 /* Debug */,
				295264731140F78900CA2C90 /* Release */,
			);
			defaultConfigurationIsVisible = 0;
			defaultConfigurationName = Release;
		};
		C01FCF4A08A954540054247B /* Build configuration list for PBXNativeTarget "NG Google Wave Client" */ = {
			isa = XCConfigurationList;
			buildConfigurations = (
				C01FCF4B08A954540054247B /* Debug */,
				C01FCF4C08A954540054247B /* Release */,
			);
			defaultConfigurationIsVisible = 0;
			defaultConfigurationName = Release;
		};
		C01FCF4E08A954540054247B /* Build configuration list for PBXProject "NgProject" */ = {
			isa = XCConfigurationList;
			buildConfigurations = (
				C01FCF4F08A954540054247B /* Debug */,
				C01FCF5008A954540054247B /* Release */,
			);
			defaultConfigurationIsVisible = 0;
			defaultConfigurationName = Release;
		};
/* End XCConfigurationList section */
	};
	rootObject = 29B97313FDCFA39411CA2CEA /* Project object */;
}
