// !$*UTF8*$!
{
	archiveVersion = 1;
	classes = {
	};
	objectVersion = 45;
	objects = {

/* Begin PBXBuildFile section */
		1DDD58160DA1D0A300B32029 /* MainMenu.xib in Resources */ = {isa = PBXBuildFile; fileRef = 1DDD58140DA1D0A300B32029 /* MainMenu.xib */; };
		256AC3DA0F4B6AC300CF3369 /* NgProjectAppDelegate.m in Sources */ = {isa = PBXBuildFile; fileRef = 256AC3D90F4B6AC300CF3369 /* NgProjectAppDelegate.m */; };
		290696211181056D00932015 /* NGMutateDocument.m in Sources */ = {isa = PBXBuildFile; fileRef = 290696201181056D00932015 /* NGMutateDocument.m */; };
		290696221181056D00932015 /* NGMutateDocument.m in Sources */ = {isa = PBXBuildFile; fileRef = 290696201181056D00932015 /* NGMutateDocument.m */; };
		291C683B1190C2FC0012E370 /* Descriptor.pb.m in Sources */ = {isa = PBXBuildFile; fileRef = 291C682D1190C2FC0012E370 /* Descriptor.pb.m */; };
		291C683C1190C2FC0012E370 /* descriptor.proto in Resources */ = {isa = PBXBuildFile; fileRef = 291C682E1190C2FC0012E370 /* descriptor.proto */; };
		291C683D1190C2FC0012E370 /* federation_error.protodevel in Resources */ = {isa = PBXBuildFile; fileRef = 291C682F1190C2FC0012E370 /* federation_error.protodevel */; };
		291C683E1190C2FC0012E370 /* Federation.pb.m in Sources */ = {isa = PBXBuildFile; fileRef = 291C68311190C2FC0012E370 /* Federation.pb.m */; };
		291C683F1190C2FC0012E370 /* federation.protodevel in Resources */ = {isa = PBXBuildFile; fileRef = 291C68321190C2FC0012E370 /* federation.protodevel */; };
		291C68401190C2FC0012E370 /* FederationError.pb.m in Sources */ = {isa = PBXBuildFile; fileRef = 291C68341190C2FC0012E370 /* FederationError.pb.m */; };
		291C68411190C2FC0012E370 /* objectivec-descriptor.proto in Resources */ = {isa = PBXBuildFile; fileRef = 291C68351190C2FC0012E370 /* objectivec-descriptor.proto */; };
		291C68421190C2FC0012E370 /* ObjectivecDescriptor.pb.m in Sources */ = {isa = PBXBuildFile; fileRef = 291C68371190C2FC0012E370 /* ObjectivecDescriptor.pb.m */; };
		291C68431190C2FC0012E370 /* Rpc.pb.m in Sources */ = {isa = PBXBuildFile; fileRef = 291C68391190C2FC0012E370 /* Rpc.pb.m */; };
		291C68441190C2FC0012E370 /* rpc.proto in Resources */ = {isa = PBXBuildFile; fileRef = 291C683A1190C2FC0012E370 /* rpc.proto */; };
		291C68451190C2FC0012E370 /* Descriptor.pb.m in Sources */ = {isa = PBXBuildFile; fileRef = 291C682D1190C2FC0012E370 /* Descriptor.pb.m */; };
		291C68461190C2FC0012E370 /* descriptor.proto in Resources */ = {isa = PBXBuildFile; fileRef = 291C682E1190C2FC0012E370 /* descriptor.proto */; };
		291C68471190C2FC0012E370 /* federation_error.protodevel in Resources */ = {isa = PBXBuildFile; fileRef = 291C682F1190C2FC0012E370 /* federation_error.protodevel */; };
		291C68481190C2FC0012E370 /* Federation.pb.m in Sources */ = {isa = PBXBuildFile; fileRef = 291C68311190C2FC0012E370 /* Federation.pb.m */; };
		291C68491190C2FC0012E370 /* federation.protodevel in Resources */ = {isa = PBXBuildFile; fileRef = 291C68321190C2FC0012E370 /* federation.protodevel */; };
		291C684A1190C2FC0012E370 /* FederationError.pb.m in Sources */ = {isa = PBXBuildFile; fileRef = 291C68341190C2FC0012E370 /* FederationError.pb.m */; };
		291C684B1190C2FC0012E370 /* objectivec-descriptor.proto in Resources */ = {isa = PBXBuildFile; fileRef = 291C68351190C2FC0012E370 /* objectivec-descriptor.proto */; };
		291C684C1190C2FC0012E370 /* ObjectivecDescriptor.pb.m in Sources */ = {isa = PBXBuildFile; fileRef = 291C68371190C2FC0012E370 /* ObjectivecDescriptor.pb.m */; };
		291C684D1190C2FC0012E370 /* Rpc.pb.m in Sources */ = {isa = PBXBuildFile; fileRef = 291C68391190C2FC0012E370 /* Rpc.pb.m */; };
		291C684E1190C2FC0012E370 /* rpc.proto in Resources */ = {isa = PBXBuildFile; fileRef = 291C683A1190C2FC0012E370 /* rpc.proto */; };
		291F39C7117A46A5001CAD54 /* NGDocAttributes.m in Sources */ = {isa = PBXBuildFile; fileRef = 291F39C6117A46A5001CAD54 /* NGDocAttributes.m */; };
		291F39C8117A46A5001CAD54 /* NGDocAttributes.m in Sources */ = {isa = PBXBuildFile; fileRef = 291F39C6117A46A5001CAD54 /* NGDocAttributes.m */; };
		29258B03114ED59800ED4F98 /* NGWaveNameTest.m in Sources */ = {isa = PBXBuildFile; fileRef = 29258B02114ED59800ED4F98 /* NGWaveNameTest.m */; };
		29364C5D118DF69900FF40B5 /* NGMutateDocumentTest.m in Sources */ = {isa = PBXBuildFile; fileRef = 29364C5C118DF69900FF40B5 /* NGMutateDocumentTest.m */; };
		29364C6E118E1BD500FF40B5 /* NGDocOpBuilderTest.m in Sources */ = {isa = PBXBuildFile; fileRef = 29364C6D118E1BD500FF40B5 /* NGDocOpBuilderTest.m */; };
		29364CAC118E214300FF40B5 /* NGWaveletDeltaTest.m in Sources */ = {isa = PBXBuildFile; fileRef = 29364CAB118E214300FF40B5 /* NGWaveletDeltaTest.m */; };
		29364CCB118E23C800FF40B5 /* NGWaveletDeltaBuilderTest.m in Sources */ = {isa = PBXBuildFile; fileRef = 29364CCA118E23C800FF40B5 /* NGWaveletDeltaBuilderTest.m */; };
		29392E681177A7D300F3C3CD /* NGDeleteCharacters.m in Sources */ = {isa = PBXBuildFile; fileRef = 29392E671177A7D300F3C3CD /* NGDeleteCharacters.m */; };
		29392E721177AA8000F3C3CD /* NGDeleteCharacters.m in Sources */ = {isa = PBXBuildFile; fileRef = 29392E671177A7D300F3C3CD /* NGDeleteCharacters.m */; };
		29392E751177AAE500F3C3CD /* NGDeleteElementStart.m in Sources */ = {isa = PBXBuildFile; fileRef = 29392E741177AAE500F3C3CD /* NGDeleteElementStart.m */; };
		29392E761177AAE500F3C3CD /* NGDeleteElementStart.m in Sources */ = {isa = PBXBuildFile; fileRef = 29392E741177AAE500F3C3CD /* NGDeleteElementStart.m */; };
		29392E791177AAF800F3C3CD /* NGDeleteElementEnd.m in Sources */ = {isa = PBXBuildFile; fileRef = 29392E781177AAF800F3C3CD /* NGDeleteElementEnd.m */; };
		29392E7A1177AAF800F3C3CD /* NGDeleteElementEnd.m in Sources */ = {isa = PBXBuildFile; fileRef = 29392E781177AAF800F3C3CD /* NGDeleteElementEnd.m */; };
		29480032116E3C24007A5EDB /* NGElementAnnotationUpdate.m in Sources */ = {isa = PBXBuildFile; fileRef = 29480031116E3C23007A5EDB /* NGElementAnnotationUpdate.m */; };
		29480033116E3C24007A5EDB /* NGElementAnnotationUpdate.m in Sources */ = {isa = PBXBuildFile; fileRef = 29480031116E3C23007A5EDB /* NGElementAnnotationUpdate.m */; };
		2952649B1140F91A00CA2C90 /* NGRpcTest.m in Sources */ = {isa = PBXBuildFile; fileRef = 2952649A1140F91A00CA2C90 /* NGRpcTest.m */; };
		2952659A1140FD1D00CA2C90 /* libProtocolBuffers.a in Frameworks */ = {isa = PBXBuildFile; fileRef = 29E7B7CB1140A67A001E3644 /* libProtocolBuffers.a */; };
		295265A51140FD6A00CA2C90 /* Cocoa.framework in Frameworks */ = {isa = PBXBuildFile; fileRef = 1058C7A1FEA54F0111CA2CBB /* Cocoa.framework */; };
		295265BA1140FEC800CA2C90 /* NGRpc.m in Sources */ = {isa = PBXBuildFile; fileRef = 29E7B80E1140C2FE001E3644 /* NGRpc.m */; };
		297703F6118D2E6D00B0729A /* NGDocAttributesTest.m in Sources */ = {isa = PBXBuildFile; fileRef = 297703F5118D2E6D00B0729A /* NGDocAttributesTest.m */; };
		29770412118D384F00B0729A /* NGDocAttributesUpdateTest.m in Sources */ = {isa = PBXBuildFile; fileRef = 29770411118D384F00B0729A /* NGDocAttributesUpdateTest.m */; };
		29A7E792114DB34E006D61A8 /* NGParticipantIdTest.m in Sources */ = {isa = PBXBuildFile; fileRef = 29A7E791114DB34E006D61A8 /* NGParticipantIdTest.m */; };
		29A7E7A8114DB6A2006D61A8 /* NGRpcMessage.m in Sources */ = {isa = PBXBuildFile; fileRef = 29CDE9C8114C8C6100B95C82 /* NGRpcMessage.m */; };
		29A7E7F2114DEF02006D61A8 /* NGInboxViewDelegate.m in Sources */ = {isa = PBXBuildFile; fileRef = 29A7E7F1114DEF02006D61A8 /* NGInboxViewDelegate.m */; };
		29B46CE0114AD91C00AC74D7 /* WaveclientRpc.pb.m in Sources */ = {isa = PBXBuildFile; fileRef = 29B46CDC114AD91C00AC74D7 /* WaveclientRpc.pb.m */; };
		29B46CE4114AD91C00AC74D7 /* WaveclientRpc.pb.m in Sources */ = {isa = PBXBuildFile; fileRef = 29B46CDC114AD91C00AC74D7 /* WaveclientRpc.pb.m */; };
		29BD933011417C2100AA22AE /* NGNetwork.m in Sources */ = {isa = PBXBuildFile; fileRef = 29BD932F11417C2100AA22AE /* NGNetwork.m */; };
		29BD937D1141950700AA22AE /* NGNetworkTest.m in Sources */ = {isa = PBXBuildFile; fileRef = 29BD937C1141950700AA22AE /* NGNetworkTest.m */; };
		29BD937E1141951C00AA22AE /* NGNetwork.m in Sources */ = {isa = PBXBuildFile; fileRef = 29BD932F11417C2100AA22AE /* NGNetwork.m */; };
		29BD958C1142495C00AA22AE /* NGWaveIdTest.m in Sources */ = {isa = PBXBuildFile; fileRef = 29BD958B1142495C00AA22AE /* NGWaveIdTest.m */; };
		29BD95CD11424F3300AA22AE /* NGWaveletIdTest.m in Sources */ = {isa = PBXBuildFile; fileRef = 29BD95CC11424F3300AA22AE /* NGWaveletIdTest.m */; };
		29BFEBB7118F784E00899593 /* NGIdConstant.m in Sources */ = {isa = PBXBuildFile; fileRef = 29BFEBB6118F784E00899593 /* NGIdConstant.m */; };
		29BFEBB8118F784E00899593 /* NGIdConstant.m in Sources */ = {isa = PBXBuildFile; fileRef = 29BFEBB6118F784E00899593 /* NGIdConstant.m */; };
		29BFEBCD118F88A300899593 /* NGIdGenerator.m in Sources */ = {isa = PBXBuildFile; fileRef = 29BFEBCC118F88A300899593 /* NGIdGenerator.m */; };
		29BFEBCE118F88A300899593 /* NGIdGenerator.m in Sources */ = {isa = PBXBuildFile; fileRef = 29BFEBCC118F88A300899593 /* NGIdGenerator.m */; };
		29BFEBE2118F8A0A00899593 /* NGIdGeneratorTest.m in Sources */ = {isa = PBXBuildFile; fileRef = 29BFEBE1118F8A0A00899593 /* NGIdGeneratorTest.m */; };
		29BFEC18118F8E7D00899593 /* NGDocumentConstant.m in Sources */ = {isa = PBXBuildFile; fileRef = 29BFEC17118F8E7D00899593 /* NGDocumentConstant.m */; };
		29BFEC19118F8E7D00899593 /* NGDocumentConstant.m in Sources */ = {isa = PBXBuildFile; fileRef = 29BFEC17118F8E7D00899593 /* NGDocumentConstant.m */; };
		29C249BC117F73AC00496599 /* NGWaveletDocOp.m in Sources */ = {isa = PBXBuildFile; fileRef = 29C249BB117F73AC00496599 /* NGWaveletDocOp.m */; };
		29C249BD117F73AC00496599 /* NGWaveletDocOp.m in Sources */ = {isa = PBXBuildFile; fileRef = 29C249BB117F73AC00496599 /* NGWaveletDocOp.m */; };
		29C249CC117F78CF00496599 /* NGAddParticipantOp.m in Sources */ = {isa = PBXBuildFile; fileRef = 29C249CB117F78CF00496599 /* NGAddParticipantOp.m */; };
		29C249CD117F78CF00496599 /* NGAddParticipantOp.m in Sources */ = {isa = PBXBuildFile; fileRef = 29C249CB117F78CF00496599 /* NGAddParticipantOp.m */; };
		29C249D4117F79F200496599 /* NGRemoveParticipantOp.m in Sources */ = {isa = PBXBuildFile; fileRef = 29C249D3117F79F200496599 /* NGRemoveParticipantOp.m */; };
		29C249D5117F79F200496599 /* NGRemoveParticipantOp.m in Sources */ = {isa = PBXBuildFile; fileRef = 29C249D3117F79F200496599 /* NGRemoveParticipantOp.m */; };
		29C249DA117FA6CB00496599 /* NGNoOp.m in Sources */ = {isa = PBXBuildFile; fileRef = 29C249D9117FA6CB00496599 /* NGNoOp.m */; };
		29C249DB117FA6CB00496599 /* NGNoOp.m in Sources */ = {isa = PBXBuildFile; fileRef = 29C249D9117FA6CB00496599 /* NGNoOp.m */; };
		29C249E0117FAEC300496599 /* NGWaveletDelta.m in Sources */ = {isa = PBXBuildFile; fileRef = 29C249DF117FAEC300496599 /* NGWaveletDelta.m */; };
		29C249E1117FAEC300496599 /* NGWaveletDelta.m in Sources */ = {isa = PBXBuildFile; fileRef = 29C249DF117FAEC300496599 /* NGWaveletDelta.m */; };
		29C7D93E117CC37400F7959C /* NGDocAttributesUpdate.m in Sources */ = {isa = PBXBuildFile; fileRef = 29C7D93D117CC37400F7959C /* NGDocAttributesUpdate.m */; };
		29C7D93F117CC37400F7959C /* NGDocAttributesUpdate.m in Sources */ = {isa = PBXBuildFile; fileRef = 29C7D93D117CC37400F7959C /* NGDocAttributesUpdate.m */; };
		29C7D996117D0BF700F7959C /* NGUpdateAttributes.m in Sources */ = {isa = PBXBuildFile; fileRef = 29C7D995117D0BF700F7959C /* NGUpdateAttributes.m */; };
		29C7D997117D0BF700F7959C /* NGUpdateAttributes.m in Sources */ = {isa = PBXBuildFile; fileRef = 29C7D995117D0BF700F7959C /* NGUpdateAttributes.m */; };
		29C80160116FE86C00F77D7F /* NGParticipantId.m in Sources */ = {isa = PBXBuildFile; fileRef = 29C8015B116FE86C00F77D7F /* NGParticipantId.m */; };
		29C80161116FE86C00F77D7F /* NGWaveId.m in Sources */ = {isa = PBXBuildFile; fileRef = 29C8015D116FE86C00F77D7F /* NGWaveId.m */; };
		29C80162116FE86C00F77D7F /* NGWaveletId.m in Sources */ = {isa = PBXBuildFile; fileRef = 29C8015F116FE86C00F77D7F /* NGWaveletId.m */; };
		29C80163116FE86C00F77D7F /* NGParticipantId.m in Sources */ = {isa = PBXBuildFile; fileRef = 29C8015B116FE86C00F77D7F /* NGParticipantId.m */; };
		29C80164116FE86C00F77D7F /* NGWaveId.m in Sources */ = {isa = PBXBuildFile; fileRef = 29C8015D116FE86C00F77D7F /* NGWaveId.m */; };
		29C80165116FE86C00F77D7F /* NGWaveletId.m in Sources */ = {isa = PBXBuildFile; fileRef = 29C8015F116FE86C00F77D7F /* NGWaveletId.m */; };
		29C8017F116FEA6600F77D7F /* NGWaveName.m in Sources */ = {isa = PBXBuildFile; fileRef = 29C8017E116FEA6600F77D7F /* NGWaveName.m */; };
		29C80180116FEA6600F77D7F /* NGWaveName.m in Sources */ = {isa = PBXBuildFile; fileRef = 29C8017E116FEA6600F77D7F /* NGWaveName.m */; };
		29C801F91170472000F77D7F /* NGElementStart.m in Sources */ = {isa = PBXBuildFile; fileRef = 29C801F81170472000F77D7F /* NGElementStart.m */; };
		29C801FA1170472000F77D7F /* NGElementStart.m in Sources */ = {isa = PBXBuildFile; fileRef = 29C801F81170472000F77D7F /* NGElementStart.m */; };
		29C801FD1170473400F77D7F /* NGElementEnd.m in Sources */ = {isa = PBXBuildFile; fileRef = 29C801FC1170473400F77D7F /* NGElementEnd.m */; };
		29C801FE1170473400F77D7F /* NGElementEnd.m in Sources */ = {isa = PBXBuildFile; fileRef = 29C801FC1170473400F77D7F /* NGElementEnd.m */; };
		29C802011170474700F77D7F /* NGRetain.m in Sources */ = {isa = PBXBuildFile; fileRef = 29C802001170474700F77D7F /* NGRetain.m */; };
		29C802021170474700F77D7F /* NGRetain.m in Sources */ = {isa = PBXBuildFile; fileRef = 29C802001170474700F77D7F /* NGRetain.m */; };
		29C802051170475B00F77D7F /* NGCharacters.m in Sources */ = {isa = PBXBuildFile; fileRef = 29C802041170475B00F77D7F /* NGCharacters.m */; };
		29C802061170475B00F77D7F /* NGCharacters.m in Sources */ = {isa = PBXBuildFile; fileRef = 29C802041170475B00F77D7F /* NGCharacters.m */; };
		29C802111170494400F77D7F /* NGDocOpBuilder.m in Sources */ = {isa = PBXBuildFile; fileRef = 29C802101170494400F77D7F /* NGDocOpBuilder.m */; };
		29C802121170494400F77D7F /* NGDocOpBuilder.m in Sources */ = {isa = PBXBuildFile; fileRef = 29C802101170494400F77D7F /* NGDocOpBuilder.m */; };
		29CDE9C9114C8C6100B95C82 /* NGRpcMessage.m in Sources */ = {isa = PBXBuildFile; fileRef = 29CDE9C8114C8C6100B95C82 /* NGRpcMessage.m */; };
		29D7A4BA118A1DA100CAF51F /* NGWaveletDeltaBuilder.m in Sources */ = {isa = PBXBuildFile; fileRef = 29D7A4B9118A1DA100CAF51F /* NGWaveletDeltaBuilder.m */; };
		29D7A4BB118A1DA100CAF51F /* NGWaveletDeltaBuilder.m in Sources */ = {isa = PBXBuildFile; fileRef = 29D7A4B9118A1DA100CAF51F /* NGWaveletDeltaBuilder.m */; };
		29D7A4C4118A23B000CAF51F /* NGWaveletDeltaSerializer.m in Sources */ = {isa = PBXBuildFile; fileRef = 29D7A4C3118A23B000CAF51F /* NGWaveletDeltaSerializer.m */; };
		29D7A4C5118A23B000CAF51F /* NGWaveletDeltaSerializer.m in Sources */ = {isa = PBXBuildFile; fileRef = 29D7A4C3118A23B000CAF51F /* NGWaveletDeltaSerializer.m */; };
		29D7A4C8118A23CD00CAF51F /* NGHashedVersion.m in Sources */ = {isa = PBXBuildFile; fileRef = 29D7A4C7118A23CD00CAF51F /* NGHashedVersion.m */; };
		29D7A4C9118A23CD00CAF51F /* NGHashedVersion.m in Sources */ = {isa = PBXBuildFile; fileRef = 29D7A4C7118A23CD00CAF51F /* NGHashedVersion.m */; };
		29DA8A08116BADEE00D50DFC /* NGElementAttribute.m in Sources */ = {isa = PBXBuildFile; fileRef = 29DA8A07116BADEE00D50DFC /* NGElementAttribute.m */; };
		29DA8A09116BADEE00D50DFC /* NGElementAttribute.m in Sources */ = {isa = PBXBuildFile; fileRef = 29DA8A07116BADEE00D50DFC /* NGElementAttribute.m */; };
		29DA8A0C116BB44A00D50DFC /* NGTextViewEditingStyle.m in Sources */ = {isa = PBXBuildFile; fileRef = 29DA8A0B116BB44A00D50DFC /* NGTextViewEditingStyle.m */; };
		29DA8A0D116BB44A00D50DFC /* NGTextViewEditingStyle.m in Sources */ = {isa = PBXBuildFile; fileRef = 29DA8A0B116BB44A00D50DFC /* NGTextViewEditingStyle.m */; };
		29E14CDA115D214100B76AFA /* NGTextView.m in Sources */ = {isa = PBXBuildFile; fileRef = 29E14CD9115D214100B76AFA /* NGTextView.m */; };
		29E14CDB115D214100B76AFA /* NGTextView.m in Sources */ = {isa = PBXBuildFile; fileRef = 29E14CD9115D214100B76AFA /* NGTextView.m */; };
		29E7B7D01140A692001E3644 /* libProtocolBuffers.a in Frameworks */ = {isa = PBXBuildFile; fileRef = 29E7B7CB1140A67A001E3644 /* libProtocolBuffers.a */; };
		29E7B80F1140C2FE001E3644 /* NGRpc.m in Sources */ = {isa = PBXBuildFile; fileRef = 29E7B80E1140C2FE001E3644 /* NGRpc.m */; };
		29ED64FF116DA38A009389CB /* NGElementAnnotation.m in Sources */ = {isa = PBXBuildFile; fileRef = 29ED64FE116DA38A009389CB /* NGElementAnnotation.m */; };
		29ED6500116DA38A009389CB /* NGElementAnnotation.m in Sources */ = {isa = PBXBuildFile; fileRef = 29ED64FE116DA38A009389CB /* NGElementAnnotation.m */; };
		8D11072B0486CEB800E47090 /* InfoPlist.strings in Resources */ = {isa = PBXBuildFile; fileRef = 089C165CFE840E0CC02AAC07 /* InfoPlist.strings */; };
		8D11072D0486CEB800E47090 /* main.m in Sources */ = {isa = PBXBuildFile; fileRef = 29B97316FDCFA39411CA2CEA /* main.m */; settings = {ATTRIBUTES = (); }; };
		8D11072F0486CEB800E47090 /* Cocoa.framework in Frameworks */ = {isa = PBXBuildFile; fileRef = 1058C7A1FEA54F0111CA2CBB /* Cocoa.framework */; };
/* End PBXBuildFile section */

/* Begin PBXContainerItemProxy section */
		295264751140F7B000CA2C90 /* PBXContainerItemProxy */ = {
			isa = PBXContainerItemProxy;
			containerPortal = 29B97313FDCFA39411CA2CEA /* Project object */;
			proxyType = 1;
			remoteGlobalIDString = 8D1107260486CEB800E47090;
			remoteInfo = "NG Google Wave Client";
		};
		295265981140FD0E00CA2C90 /* PBXContainerItemProxy */ = {
			isa = PBXContainerItemProxy;
			containerPortal = 29E7B7C11140A67A001E3644 /* ProtocolBuffers.xcodeproj */;
			proxyType = 1;
			remoteGlobalIDString = 7461B52D0F94FAF800A0C422;
			remoteInfo = ProtocolBuffers;
		};
		29E7B7CA1140A67A001E3644 /* PBXContainerItemProxy */ = {
			isa = PBXContainerItemProxy;
			containerPortal = 29E7B7C11140A67A001E3644 /* ProtocolBuffers.xcodeproj */;
			proxyType = 2;
			remoteGlobalIDString = 7461B52E0F94FAF800A0C422;
			remoteInfo = ProtocolBuffers;
		};
		29E7B7CC1140A67A001E3644 /* PBXContainerItemProxy */ = {
			isa = PBXContainerItemProxy;
			containerPortal = 29E7B7C11140A67A001E3644 /* ProtocolBuffers.xcodeproj */;
			proxyType = 2;
			remoteGlobalIDString = 7401C1A80F950347006D8281;
			remoteInfo = UnitTests;
		};
		29E7B7CE1140A67A001E3644 /* PBXContainerItemProxy */ = {
			isa = PBXContainerItemProxy;
			containerPortal = 29E7B7C11140A67A001E3644 /* ProtocolBuffers.xcodeproj */;
			proxyType = 2;
			remoteGlobalIDString = 748F14580FD75E3B000858A9;
			remoteInfo = CommandLineTests;
		};
		29E7B7D91140BBCF001E3644 /* PBXContainerItemProxy */ = {
			isa = PBXContainerItemProxy;
			containerPortal = 29E7B7C11140A67A001E3644 /* ProtocolBuffers.xcodeproj */;
			proxyType = 1;
			remoteGlobalIDString = 7461B52D0F94FAF800A0C422;
			remoteInfo = ProtocolBuffers;
		};
/* End PBXContainerItemProxy section */

/* Begin PBXFileReference section */
		089C165DFE840E0CC02AAC07 /* English */ = {isa = PBXFileReference; fileEncoding = 4; lastKnownFileType = text.plist.strings; name = English; path = English.lproj/InfoPlist.strings; sourceTree = "<group>"; };
		1058C7A1FEA54F0111CA2CBB /* Cocoa.framework */ = {isa = PBXFileReference; lastKnownFileType = wrapper.framework; name = Cocoa.framework; path = /System/Library/Frameworks/Cocoa.framework; sourceTree = "<absolute>"; };
		13E42FB307B3F0F600E4EEF1 /* CoreData.framework */ = {isa = PBXFileReference; lastKnownFileType = wrapper.framework; name = CoreData.framework; path = /System/Library/Frameworks/CoreData.framework; sourceTree = "<absolute>"; };
		1DDD58150DA1D0A300B32029 /* English */ = {isa = PBXFileReference; lastKnownFileType = file.xib; name = English; path = English.lproj/MainMenu.xib; sourceTree = "<group>"; };
		256AC3D80F4B6AC300CF3369 /* NgProjectAppDelegate.h */ = {isa = PBXFileReference; fileEncoding = 4; lastKnownFileType = sourcecode.c.h; path = NgProjectAppDelegate.h; sourceTree = "<group>"; };
		256AC3D90F4B6AC300CF3369 /* NgProjectAppDelegate.m */ = {isa = PBXFileReference; fileEncoding = 4; lastKnownFileType = sourcecode.c.objc; path = NgProjectAppDelegate.m; sourceTree = "<group>"; };
		256AC3F00F4B6AF500CF3369 /* NgProject_Prefix.pch */ = {isa = PBXFileReference; fileEncoding = 4; lastKnownFileType = sourcecode.c.h; path = NgProject_Prefix.pch; sourceTree = "<group>"; };
		2906961F1181056D00932015 /* NGMutateDocument.h */ = {isa = PBXFileReference; fileEncoding = 4; lastKnownFileType = sourcecode.c.h; name = NGMutateDocument.h; path = lib/model/document/operation/NGMutateDocument.h; sourceTree = "<group>"; };
		290696201181056D00932015 /* NGMutateDocument.m */ = {isa = PBXFileReference; fileEncoding = 4; lastKnownFileType = sourcecode.c.objc; name = NGMutateDocument.m; path = lib/model/document/operation/NGMutateDocument.m; sourceTree = "<group>"; };
		291C682C1190C2FC0012E370 /* Descriptor.pb.h */ = {isa = PBXFileReference; fileEncoding = 4; lastKnownFileType = sourcecode.c.h; path = Descriptor.pb.h; sourceTree = "<group>"; };
		291C682D1190C2FC0012E370 /* Descriptor.pb.m */ = {isa = PBXFileReference; fileEncoding = 4; lastKnownFileType = sourcecode.c.objc; path = Descriptor.pb.m; sourceTree = "<group>"; };
		291C682E1190C2FC0012E370 /* descriptor.proto */ = {isa = PBXFileReference; fileEncoding = 4; lastKnownFileType = text; path = descriptor.proto; sourceTree = "<group>"; };
		291C682F1190C2FC0012E370 /* federation_error.protodevel */ = {isa = PBXFileReference; fileEncoding = 4; lastKnownFileType = text; path = federation_error.protodevel; sourceTree = "<group>"; };
		291C68301190C2FC0012E370 /* Federation.pb.h */ = {isa = PBXFileReference; fileEncoding = 4; lastKnownFileType = sourcecode.c.h; path = Federation.pb.h; sourceTree = "<group>"; };
		291C68311190C2FC0012E370 /* Federation.pb.m */ = {isa = PBXFileReference; fileEncoding = 4; lastKnownFileType = sourcecode.c.objc; path = Federation.pb.m; sourceTree = "<group>"; };
		291C68321190C2FC0012E370 /* federation.protodevel */ = {isa = PBXFileReference; fileEncoding = 4; lastKnownFileType = text; path = federation.protodevel; sourceTree = "<group>"; };
		291C68331190C2FC0012E370 /* FederationError.pb.h */ = {isa = PBXFileReference; fileEncoding = 4; lastKnownFileType = sourcecode.c.h; path = FederationError.pb.h; sourceTree = "<group>"; };
		291C68341190C2FC0012E370 /* FederationError.pb.m */ = {isa = PBXFileReference; fileEncoding = 4; lastKnownFileType = sourcecode.c.objc; path = FederationError.pb.m; sourceTree = "<group>"; };
		291C68351190C2FC0012E370 /* objectivec-descriptor.proto */ = {isa = PBXFileReference; fileEncoding = 4; lastKnownFileType = text; path = "objectivec-descriptor.proto"; sourceTree = "<group>"; };
		291C68361190C2FC0012E370 /* ObjectivecDescriptor.pb.h */ = {isa = PBXFileReference; fileEncoding = 4; lastKnownFileType = sourcecode.c.h; path = ObjectivecDescriptor.pb.h; sourceTree = "<group>"; };
		291C68371190C2FC0012E370 /* ObjectivecDescriptor.pb.m */ = {isa = PBXFileReference; fileEncoding = 4; lastKnownFileType = sourcecode.c.objc; path = ObjectivecDescriptor.pb.m; sourceTree = "<group>"; };
		291C68381190C2FC0012E370 /* Rpc.pb.h */ = {isa = PBXFileReference; fileEncoding = 4; lastKnownFileType = sourcecode.c.h; path = Rpc.pb.h; sourceTree = "<group>"; };
		291C68391190C2FC0012E370 /* Rpc.pb.m */ = {isa = PBXFileReference; fileEncoding = 4; lastKnownFileType = sourcecode.c.objc; path = Rpc.pb.m; sourceTree = "<group>"; };
		291C683A1190C2FC0012E370 /* rpc.proto */ = {isa = PBXFileReference; fileEncoding = 4; lastKnownFileType = text; path = rpc.proto; sourceTree = "<group>"; };
		291F39C5117A46A5001CAD54 /* NGDocAttributes.h */ = {isa = PBXFileReference; fileEncoding = 4; lastKnownFileType = sourcecode.c.h; name = NGDocAttributes.h; path = lib/model/document/operation/NGDocAttributes.h; sourceTree = "<group>"; };
		291F39C6117A46A5001CAD54 /* NGDocAttributes.m */ = {isa = PBXFileReference; fileEncoding = 4; lastKnownFileType = sourcecode.c.objc; name = NGDocAttributes.m; path = lib/model/document/operation/NGDocAttributes.m; sourceTree = "<group>"; };
		29258B01114ED59800ED4F98 /* NGWaveNameTest.h */ = {isa = PBXFileReference; fileEncoding = 4; lastKnownFileType = sourcecode.c.h; name = NGWaveNameTest.h; path = test/lib/model/NGWaveNameTest.h; sourceTree = "<group>"; };
		29258B02114ED59800ED4F98 /* NGWaveNameTest.m */ = {isa = PBXFileReference; fileEncoding = 4; lastKnownFileType = sourcecode.c.objc; name = NGWaveNameTest.m; path = test/lib/model/NGWaveNameTest.m; sourceTree = "<group>"; };
		29364C5B118DF69900FF40B5 /* NGMutateDocumentTest.h */ = {isa = PBXFileReference; fileEncoding = 4; lastKnownFileType = sourcecode.c.h; name = NGMutateDocumentTest.h; path = test/lib/model/NGMutateDocumentTest.h; sourceTree = "<group>"; };
		29364C5C118DF69900FF40B5 /* NGMutateDocumentTest.m */ = {isa = PBXFileReference; fileEncoding = 4; lastKnownFileType = sourcecode.c.objc; name = NGMutateDocumentTest.m; path = test/lib/model/NGMutateDocumentTest.m; sourceTree = "<group>"; };
		29364C6C118E1BD500FF40B5 /* NGDocOpBuilderTest.h */ = {isa = PBXFileReference; fileEncoding = 4; lastKnownFileType = sourcecode.c.h; name = NGDocOpBuilderTest.h; path = test/lib/util/NGDocOpBuilderTest.h; sourceTree = "<group>"; };
		29364C6D118E1BD500FF40B5 /* NGDocOpBuilderTest.m */ = {isa = PBXFileReference; fileEncoding = 4; lastKnownFileType = sourcecode.c.objc; name = NGDocOpBuilderTest.m; path = test/lib/util/NGDocOpBuilderTest.m; sourceTree = "<group>"; };
		29364CAA118E214300FF40B5 /* NGWaveletDeltaTest.h */ = {isa = PBXFileReference; fileEncoding = 4; lastKnownFileType = sourcecode.c.h; name = NGWaveletDeltaTest.h; path = test/lib/model/NGWaveletDeltaTest.h; sourceTree = "<group>"; };
		29364CAB118E214300FF40B5 /* NGWaveletDeltaTest.m */ = {isa = PBXFileReference; fileEncoding = 4; lastKnownFileType = sourcecode.c.objc; name = NGWaveletDeltaTest.m; path = test/lib/model/NGWaveletDeltaTest.m; sourceTree = "<group>"; };
		29364CC9118E23C800FF40B5 /* NGWaveletDeltaBuilderTest.h */ = {isa = PBXFileReference; fileEncoding = 4; lastKnownFileType = sourcecode.c.h; name = NGWaveletDeltaBuilderTest.h; path = test/lib/util/NGWaveletDeltaBuilderTest.h; sourceTree = "<group>"; };
		29364CCA118E23C800FF40B5 /* NGWaveletDeltaBuilderTest.m */ = {isa = PBXFileReference; fileEncoding = 4; lastKnownFileType = sourcecode.c.objc; name = NGWaveletDeltaBuilderTest.m; path = test/lib/util/NGWaveletDeltaBuilderTest.m; sourceTree = "<group>"; };
		29364D1A118E495C00FF40B5 /* NGDocumentId.h */ = {isa = PBXFileReference; fileEncoding = 4; lastKnownFileType = sourcecode.c.h; name = NGDocumentId.h; path = lib/model/id/NGDocumentId.h; sourceTree = "<group>"; };
		29392E661177A7D300F3C3CD /* NGDeleteCharacters.h */ = {isa = PBXFileReference; fileEncoding = 4; lastKnownFileType = sourcecode.c.h; name = NGDeleteCharacters.h; path = lib/model/document/operation/component/NGDeleteCharacters.h; sourceTree = "<group>"; };
		29392E671177A7D300F3C3CD /* NGDeleteCharacters.m */ = {isa = PBXFileReference; fileEncoding = 4; lastKnownFileType = sourcecode.c.objc; name = NGDeleteCharacters.m; path = lib/model/document/operation/component/NGDeleteCharacters.m; sourceTree = "<group>"; };
		29392E731177AAE500F3C3CD /* NGDeleteElementStart.h */ = {isa = PBXFileReference; fileEncoding = 4; lastKnownFileType = sourcecode.c.h; name = NGDeleteElementStart.h; path = lib/model/document/operation/component/NGDeleteElementStart.h; sourceTree = "<group>"; };
		29392E741177AAE500F3C3CD /* NGDeleteElementStart.m */ = {isa = PBXFileReference; fileEncoding = 4; lastKnownFileType = sourcecode.c.objc; name = NGDeleteElementStart.m; path = lib/model/document/operation/component/NGDeleteElementStart.m; sourceTree = "<group>"; };
		29392E771177AAF800F3C3CD /* NGDeleteElementEnd.h */ = {isa = PBXFileReference; fileEncoding = 4; lastKnownFileType = sourcecode.c.h; name = NGDeleteElementEnd.h; path = lib/model/document/operation/component/NGDeleteElementEnd.h; sourceTree = "<group>"; };
		29392E781177AAF800F3C3CD /* NGDeleteElementEnd.m */ = {isa = PBXFileReference; fileEncoding = 4; lastKnownFileType = sourcecode.c.objc; name = NGDeleteElementEnd.m; path = lib/model/document/operation/component/NGDeleteElementEnd.m; sourceTree = "<group>"; };
		29480030116E3C23007A5EDB /* NGElementAnnotationUpdate.h */ = {isa = PBXFileReference; fileEncoding = 4; lastKnownFileType = sourcecode.c.h; name = NGElementAnnotationUpdate.h; path = lib/model/NGElementAnnotationUpdate.h; sourceTree = "<group>"; };
		29480031116E3C23007A5EDB /* NGElementAnnotationUpdate.m */ = {isa = PBXFileReference; fileEncoding = 4; lastKnownFileType = sourcecode.c.objc; name = NGElementAnnotationUpdate.m; path = lib/model/NGElementAnnotationUpdate.m; sourceTree = "<group>"; };
		295264701140F78800CA2C90 /* UnitTests.octest */ = {isa = PBXFileReference; explicitFileType = wrapper.cfbundle; includeInIndex = 0; path = UnitTests.octest; sourceTree = BUILT_PRODUCTS_DIR; };
		295264711140F78800CA2C90 /* UnitTests-Info.plist */ = {isa = PBXFileReference; lastKnownFileType = text.plist.xml; path = "UnitTests-Info.plist"; sourceTree = "<group>"; };
		295264991140F91A00CA2C90 /* NGRpcTest.h */ = {isa = PBXFileReference; fileEncoding = 4; lastKnownFileType = sourcecode.c.h; name = NGRpcTest.h; path = test/lib/network/NGRpcTest.h; sourceTree = "<group>"; };
		2952649A1140F91A00CA2C90 /* NGRpcTest.m */ = {isa = PBXFileReference; fileEncoding = 4; lastKnownFileType = sourcecode.c.objc; name = NGRpcTest.m; path = test/lib/network/NGRpcTest.m; sourceTree = "<group>"; };
		297703F4118D2E6D00B0729A /* NGDocAttributesTest.h */ = {isa = PBXFileReference; fileEncoding = 4; lastKnownFileType = sourcecode.c.h; name = NGDocAttributesTest.h; path = test/lib/model/NGDocAttributesTest.h; sourceTree = "<group>"; };
		297703F5118D2E6D00B0729A /* NGDocAttributesTest.m */ = {isa = PBXFileReference; fileEncoding = 4; lastKnownFileType = sourcecode.c.objc; name = NGDocAttributesTest.m; path = test/lib/model/NGDocAttributesTest.m; sourceTree = "<group>"; };
		29770410118D384F00B0729A /* NGDocAttributesUpdateTest.h */ = {isa = PBXFileReference; fileEncoding = 4; lastKnownFileType = sourcecode.c.h; name = NGDocAttributesUpdateTest.h; path = test/lib/model/NGDocAttributesUpdateTest.h; sourceTree = "<group>"; };
		29770411118D384F00B0729A /* NGDocAttributesUpdateTest.m */ = {isa = PBXFileReference; fileEncoding = 4; lastKnownFileType = sourcecode.c.objc; name = NGDocAttributesUpdateTest.m; path = test/lib/model/NGDocAttributesUpdateTest.m; sourceTree = "<group>"; };
		29A7E790114DB34E006D61A8 /* NGParticipantIdTest.h */ = {isa = PBXFileReference; fileEncoding = 4; lastKnownFileType = sourcecode.c.h; name = NGParticipantIdTest.h; path = test/lib/model/NGParticipantIdTest.h; sourceTree = "<group>"; };
		29A7E791114DB34E006D61A8 /* NGParticipantIdTest.m */ = {isa = PBXFileReference; fileEncoding = 4; lastKnownFileType = sourcecode.c.objc; name = NGParticipantIdTest.m; path = test/lib/model/NGParticipantIdTest.m; sourceTree = "<group>"; };
		29A7E7F0114DEF02006D61A8 /* NGInboxViewDelegate.h */ = {isa = PBXFileReference; fileEncoding = 4; lastKnownFileType = sourcecode.c.h; path = NGInboxViewDelegate.h; sourceTree = "<group>"; };
		29A7E7F1114DEF02006D61A8 /* NGInboxViewDelegate.m */ = {isa = PBXFileReference; fileEncoding = 4; lastKnownFileType = sourcecode.c.objc; path = NGInboxViewDelegate.m; sourceTree = "<group>"; };
		29B46CDA114AD91C00AC74D7 /* waveclient-rpc.proto */ = {isa = PBXFileReference; fileEncoding = 4; lastKnownFileType = text; path = "waveclient-rpc.proto"; sourceTree = "<group>"; };
		29B46CDB114AD91C00AC74D7 /* WaveclientRpc.pb.h */ = {isa = PBXFileReference; fileEncoding = 4; lastKnownFileType = sourcecode.c.h; path = WaveclientRpc.pb.h; sourceTree = "<group>"; };
		29B46CDC114AD91C00AC74D7 /* WaveclientRpc.pb.m */ = {isa = PBXFileReference; fileEncoding = 4; lastKnownFileType = sourcecode.c.objc; path = WaveclientRpc.pb.m; sourceTree = "<group>"; };
		29B46CFA114AD9EA00AC74D7 /* NGHeader.h */ = {isa = PBXFileReference; fileEncoding = 4; lastKnownFileType = sourcecode.c.h; name = NGHeader.h; path = lib/NGHeader.h; sourceTree = "<group>"; };
		29B97316FDCFA39411CA2CEA /* main.m */ = {isa = PBXFileReference; fileEncoding = 4; lastKnownFileType = sourcecode.c.objc; path = main.m; sourceTree = "<group>"; };
		29B97324FDCFA39411CA2CEA /* AppKit.framework */ = {isa = PBXFileReference; lastKnownFileType = wrapper.framework; name = AppKit.framework; path = /System/Library/Frameworks/AppKit.framework; sourceTree = "<absolute>"; };
		29B97325FDCFA39411CA2CEA /* Foundation.framework */ = {isa = PBXFileReference; lastKnownFileType = wrapper.framework; name = Foundation.framework; path = /System/Library/Frameworks/Foundation.framework; sourceTree = "<absolute>"; };
		29BD932E11417C2100AA22AE /* NGNetwork.h */ = {isa = PBXFileReference; fileEncoding = 4; lastKnownFileType = sourcecode.c.h; name = NGNetwork.h; path = lib/network/NGNetwork.h; sourceTree = "<group>"; };
		29BD932F11417C2100AA22AE /* NGNetwork.m */ = {isa = PBXFileReference; fileEncoding = 4; lastKnownFileType = sourcecode.c.objc; name = NGNetwork.m; path = lib/network/NGNetwork.m; sourceTree = "<group>"; };
		29BD937B1141950700AA22AE /* NGNetworkTest.h */ = {isa = PBXFileReference; fileEncoding = 4; lastKnownFileType = sourcecode.c.h; name = NGNetworkTest.h; path = test/lib/network/NGNetworkTest.h; sourceTree = "<group>"; };
		29BD937C1141950700AA22AE /* NGNetworkTest.m */ = {isa = PBXFileReference; fileEncoding = 4; lastKnownFileType = sourcecode.c.objc; name = NGNetworkTest.m; path = test/lib/network/NGNetworkTest.m; sourceTree = "<group>"; };
		29BD958A1142495C00AA22AE /* NGWaveIdTest.h */ = {isa = PBXFileReference; fileEncoding = 4; lastKnownFileType = sourcecode.c.h; name = NGWaveIdTest.h; path = test/lib/model/NGWaveIdTest.h; sourceTree = "<group>"; };
		29BD958B1142495C00AA22AE /* NGWaveIdTest.m */ = {isa = PBXFileReference; fileEncoding = 4; lastKnownFileType = sourcecode.c.objc; name = NGWaveIdTest.m; path = test/lib/model/NGWaveIdTest.m; sourceTree = "<group>"; };
		29BD95CB11424F3300AA22AE /* NGWaveletIdTest.h */ = {isa = PBXFileReference; fileEncoding = 4; lastKnownFileType = sourcecode.c.h; name = NGWaveletIdTest.h; path = test/lib/model/NGWaveletIdTest.h; sourceTree = "<group>"; };
		29BD95CC11424F3300AA22AE /* NGWaveletIdTest.m */ = {isa = PBXFileReference; fileEncoding = 4; lastKnownFileType = sourcecode.c.objc; name = NGWaveletIdTest.m; path = test/lib/model/NGWaveletIdTest.m; sourceTree = "<group>"; };
		29BFEBB5118F784E00899593 /* NGIdConstant.h */ = {isa = PBXFileReference; fileEncoding = 4; lastKnownFileType = sourcecode.c.h; name = NGIdConstant.h; path = lib/model/common/NGIdConstant.h; sourceTree = "<group>"; };
		29BFEBB6118F784E00899593 /* NGIdConstant.m */ = {isa = PBXFileReference; fileEncoding = 4; lastKnownFileType = sourcecode.c.objc; name = NGIdConstant.m; path = lib/model/common/NGIdConstant.m; sourceTree = "<group>"; };
		29BFEBCB118F88A300899593 /* NGIdGenerator.h */ = {isa = PBXFileReference; fileEncoding = 4; lastKnownFileType = sourcecode.c.h; name = NGIdGenerator.h; path = lib/model/id/util/NGIdGenerator.h; sourceTree = "<group>"; };
		29BFEBCC118F88A300899593 /* NGIdGenerator.m */ = {isa = PBXFileReference; fileEncoding = 4; lastKnownFileType = sourcecode.c.objc; name = NGIdGenerator.m; path = lib/model/id/util/NGIdGenerator.m; sourceTree = "<group>"; };
		29BFEBE0118F8A0A00899593 /* NGIdGeneratorTest.h */ = {isa = PBXFileReference; fileEncoding = 4; lastKnownFileType = sourcecode.c.h; name = NGIdGeneratorTest.h; path = test/lib/util/NGIdGeneratorTest.h; sourceTree = "<group>"; };
		29BFEBE1118F8A0A00899593 /* NGIdGeneratorTest.m */ = {isa = PBXFileReference; fileEncoding = 4; lastKnownFileType = sourcecode.c.objc; name = NGIdGeneratorTest.m; path = test/lib/util/NGIdGeneratorTest.m; sourceTree = "<group>"; };
		29BFEC16118F8E7D00899593 /* NGDocumentConstant.h */ = {isa = PBXFileReference; fileEncoding = 4; lastKnownFileType = sourcecode.c.h; name = NGDocumentConstant.h; path = lib/model/common/NGDocumentConstant.h; sourceTree = "<group>"; };
		29BFEC17118F8E7D00899593 /* NGDocumentConstant.m */ = {isa = PBXFileReference; fileEncoding = 4; lastKnownFileType = sourcecode.c.objc; name = NGDocumentConstant.m; path = lib/model/common/NGDocumentConstant.m; sourceTree = "<group>"; };
		29C249B7117F72E200496599 /* NGWaveletOperation.h */ = {isa = PBXFileReference; fileEncoding = 4; lastKnownFileType = sourcecode.c.h; name = NGWaveletOperation.h; path = lib/model/operation/NGWaveletOperation.h; sourceTree = "<group>"; };
		29C249BA117F73AC00496599 /* NGWaveletDocOp.h */ = {isa = PBXFileReference; fileEncoding = 4; lastKnownFileType = sourcecode.c.h; name = NGWaveletDocOp.h; path = lib/model/operation/NGWaveletDocOp.h; sourceTree = "<group>"; };
		29C249BB117F73AC00496599 /* NGWaveletDocOp.m */ = {isa = PBXFileReference; fileEncoding = 4; lastKnownFileType = sourcecode.c.objc; name = NGWaveletDocOp.m; path = lib/model/operation/NGWaveletDocOp.m; sourceTree = "<group>"; };
		29C249CA117F78CF00496599 /* NGAddParticipantOp.h */ = {isa = PBXFileReference; fileEncoding = 4; lastKnownFileType = sourcecode.c.h; name = NGAddParticipantOp.h; path = lib/model/operation/NGAddParticipantOp.h; sourceTree = "<group>"; };
		29C249CB117F78CF00496599 /* NGAddParticipantOp.m */ = {isa = PBXFileReference; fileEncoding = 4; lastKnownFileType = sourcecode.c.objc; name = NGAddParticipantOp.m; path = lib/model/operation/NGAddParticipantOp.m; sourceTree = "<group>"; };
		29C249D2117F79F200496599 /* NGRemoveParticipantOp.h */ = {isa = PBXFileReference; fileEncoding = 4; lastKnownFileType = sourcecode.c.h; name = NGRemoveParticipantOp.h; path = lib/model/operation/NGRemoveParticipantOp.h; sourceTree = "<group>"; };
		29C249D3117F79F200496599 /* NGRemoveParticipantOp.m */ = {isa = PBXFileReference; fileEncoding = 4; lastKnownFileType = sourcecode.c.objc; name = NGRemoveParticipantOp.m; path = lib/model/operation/NGRemoveParticipantOp.m; sourceTree = "<group>"; };
		29C249D8117FA6CB00496599 /* NGNoOp.h */ = {isa = PBXFileReference; fileEncoding = 4; lastKnownFileType = sourcecode.c.h; name = NGNoOp.h; path = lib/model/operation/NGNoOp.h; sourceTree = "<group>"; };
		29C249D9117FA6CB00496599 /* NGNoOp.m */ = {isa = PBXFileReference; fileEncoding = 4; lastKnownFileType = sourcecode.c.objc; name = NGNoOp.m; path = lib/model/operation/NGNoOp.m; sourceTree = "<group>"; };
		29C249DE117FAEC300496599 /* NGWaveletDelta.h */ = {isa = PBXFileReference; fileEncoding = 4; lastKnownFileType = sourcecode.c.h; name = NGWaveletDelta.h; path = lib/model/operation/NGWaveletDelta.h; sourceTree = "<group>"; };
		29C249DF117FAEC300496599 /* NGWaveletDelta.m */ = {isa = PBXFileReference; fileEncoding = 4; lastKnownFileType = sourcecode.c.objc; name = NGWaveletDelta.m; path = lib/model/operation/NGWaveletDelta.m; sourceTree = "<group>"; };
		29C7D93C117CC37400F7959C /* NGDocAttributesUpdate.h */ = {isa = PBXFileReference; fileEncoding = 4; lastKnownFileType = sourcecode.c.h; name = NGDocAttributesUpdate.h; path = lib/model/document/operation/NGDocAttributesUpdate.h; sourceTree = "<group>"; };
		29C7D93D117CC37400F7959C /* NGDocAttributesUpdate.m */ = {isa = PBXFileReference; fileEncoding = 4; lastKnownFileType = sourcecode.c.objc; name = NGDocAttributesUpdate.m; path = lib/model/document/operation/NGDocAttributesUpdate.m; sourceTree = "<group>"; };
		29C7D994117D0BF700F7959C /* NGUpdateAttributes.h */ = {isa = PBXFileReference; fileEncoding = 4; lastKnownFileType = sourcecode.c.h; name = NGUpdateAttributes.h; path = lib/model/document/operation/component/NGUpdateAttributes.h; sourceTree = "<group>"; };
		29C7D995117D0BF700F7959C /* NGUpdateAttributes.m */ = {isa = PBXFileReference; fileEncoding = 4; lastKnownFileType = sourcecode.c.objc; name = NGUpdateAttributes.m; path = lib/model/document/operation/component/NGUpdateAttributes.m; sourceTree = "<group>"; };
		29C8015A116FE86C00F77D7F /* NGParticipantId.h */ = {isa = PBXFileReference; fileEncoding = 4; lastKnownFileType = sourcecode.c.h; name = NGParticipantId.h; path = lib/model/id/NGParticipantId.h; sourceTree = "<group>"; };
		29C8015B116FE86C00F77D7F /* NGParticipantId.m */ = {isa = PBXFileReference; fileEncoding = 4; lastKnownFileType = sourcecode.c.objc; name = NGParticipantId.m; path = lib/model/id/NGParticipantId.m; sourceTree = "<group>"; };
		29C8015C116FE86C00F77D7F /* NGWaveId.h */ = {isa = PBXFileReference; fileEncoding = 4; lastKnownFileType = sourcecode.c.h; name = NGWaveId.h; path = lib/model/id/NGWaveId.h; sourceTree = "<group>"; };
		29C8015D116FE86C00F77D7F /* NGWaveId.m */ = {isa = PBXFileReference; fileEncoding = 4; lastKnownFileType = sourcecode.c.objc; name = NGWaveId.m; path = lib/model/id/NGWaveId.m; sourceTree = "<group>"; };
		29C8015E116FE86C00F77D7F /* NGWaveletId.h */ = {isa = PBXFileReference; fileEncoding = 4; lastKnownFileType = sourcecode.c.h; name = NGWaveletId.h; path = lib/model/id/NGWaveletId.h; sourceTree = "<group>"; };
		29C8015F116FE86C00F77D7F /* NGWaveletId.m */ = {isa = PBXFileReference; fileEncoding = 4; lastKnownFileType = sourcecode.c.objc; name = NGWaveletId.m; path = lib/model/id/NGWaveletId.m; sourceTree = "<group>"; };
		29C8017D116FEA6600F77D7F /* NGWaveName.h */ = {isa = PBXFileReference; fileEncoding = 4; lastKnownFileType = sourcecode.c.h; name = NGWaveName.h; path = lib/model/id/NGWaveName.h; sourceTree = "<group>"; };
		29C8017E116FEA6600F77D7F /* NGWaveName.m */ = {isa = PBXFileReference; fileEncoding = 4; lastKnownFileType = sourcecode.c.objc; name = NGWaveName.m; path = lib/model/id/NGWaveName.m; sourceTree = "<group>"; };
		29C801F4117045C800F77D7F /* NGDocOpComponent.h */ = {isa = PBXFileReference; fileEncoding = 4; lastKnownFileType = sourcecode.c.h; name = NGDocOpComponent.h; path = lib/model/document/operation/NGDocOpComponent.h; sourceTree = "<group>"; };
		29C801F71170472000F77D7F /* NGElementStart.h */ = {isa = PBXFileReference; fileEncoding = 4; lastKnownFileType = sourcecode.c.h; name = NGElementStart.h; path = lib/model/document/operation/component/NGElementStart.h; sourceTree = "<group>"; };
		29C801F81170472000F77D7F /* NGElementStart.m */ = {isa = PBXFileReference; fileEncoding = 4; lastKnownFileType = sourcecode.c.objc; name = NGElementStart.m; path = lib/model/document/operation/component/NGElementStart.m; sourceTree = "<group>"; };
		29C801FB1170473400F77D7F /* NGElementEnd.h */ = {isa = PBXFileReference; fileEncoding = 4; lastKnownFileType = sourcecode.c.h; name = NGElementEnd.h; path = lib/model/document/operation/component/NGElementEnd.h; sourceTree = "<group>"; };
		29C801FC1170473400F77D7F /* NGElementEnd.m */ = {isa = PBXFileReference; fileEncoding = 4; lastKnownFileType = sourcecode.c.objc; name = NGElementEnd.m; path = lib/model/document/operation/component/NGElementEnd.m; sourceTree = "<group>"; };
		29C801FF1170474700F77D7F /* NGRetain.h */ = {isa = PBXFileReference; fileEncoding = 4; lastKnownFileType = sourcecode.c.h; name = NGRetain.h; path = lib/model/document/operation/component/NGRetain.h; sourceTree = "<group>"; };
		29C802001170474700F77D7F /* NGRetain.m */ = {isa = PBXFileReference; fileEncoding = 4; lastKnownFileType = sourcecode.c.objc; name = NGRetain.m; path = lib/model/document/operation/component/NGRetain.m; sourceTree = "<group>"; };
		29C802031170475B00F77D7F /* NGCharacters.h */ = {isa = PBXFileReference; fileEncoding = 4; lastKnownFileType = sourcecode.c.h; name = NGCharacters.h; path = lib/model/document/operation/component/NGCharacters.h; sourceTree = "<group>"; };
		29C802041170475B00F77D7F /* NGCharacters.m */ = {isa = PBXFileReference; fileEncoding = 4; lastKnownFileType = sourcecode.c.objc; name = NGCharacters.m; path = lib/model/document/operation/component/NGCharacters.m; sourceTree = "<group>"; };
		29C8020F1170494400F77D7F /* NGDocOpBuilder.h */ = {isa = PBXFileReference; fileEncoding = 4; lastKnownFileType = sourcecode.c.h; name = NGDocOpBuilder.h; path = lib/model/document/operation/util/NGDocOpBuilder.h; sourceTree = "<group>"; };
		29C802101170494400F77D7F /* NGDocOpBuilder.m */ = {isa = PBXFileReference; fileEncoding = 4; lastKnownFileType = sourcecode.c.objc; name = NGDocOpBuilder.m; path = lib/model/document/operation/util/NGDocOpBuilder.m; sourceTree = "<group>"; };
		29CDE9C7114C8C6100B95C82 /* NGRpcMessage.h */ = {isa = PBXFileReference; fileEncoding = 4; lastKnownFileType = sourcecode.c.h; name = NGRpcMessage.h; path = lib/model/NGRpcMessage.h; sourceTree = "<group>"; };
		29CDE9C8114C8C6100B95C82 /* NGRpcMessage.m */ = {isa = PBXFileReference; fileEncoding = 4; lastKnownFileType = sourcecode.c.objc; name = NGRpcMessage.m; path = lib/model/NGRpcMessage.m; sourceTree = "<group>"; };
		29D7A4B8118A1DA100CAF51F /* NGWaveletDeltaBuilder.h */ = {isa = PBXFileReference; fileEncoding = 4; lastKnownFileType = sourcecode.c.h; name = NGWaveletDeltaBuilder.h; path = lib/model/operation/util/NGWaveletDeltaBuilder.h; sourceTree = "<group>"; };
		29D7A4B9118A1DA100CAF51F /* NGWaveletDeltaBuilder.m */ = {isa = PBXFileReference; fileEncoding = 4; lastKnownFileType = sourcecode.c.objc; name = NGWaveletDeltaBuilder.m; path = lib/model/operation/util/NGWaveletDeltaBuilder.m; sourceTree = "<group>"; };
		29D7A4C2118A23B000CAF51F /* NGWaveletDeltaSerializer.h */ = {isa = PBXFileReference; fileEncoding = 4; lastKnownFileType = sourcecode.c.h; name = NGWaveletDeltaSerializer.h; path = lib/model/operation/util/NGWaveletDeltaSerializer.h; sourceTree = "<group>"; };
		29D7A4C3118A23B000CAF51F /* NGWaveletDeltaSerializer.m */ = {isa = PBXFileReference; fileEncoding = 4; lastKnownFileType = sourcecode.c.objc; name = NGWaveletDeltaSerializer.m; path = lib/model/operation/util/NGWaveletDeltaSerializer.m; sourceTree = "<group>"; };
		29D7A4C6118A23CD00CAF51F /* NGHashedVersion.h */ = {isa = PBXFileReference; fileEncoding = 4; lastKnownFileType = sourcecode.c.h; name = NGHashedVersion.h; path = lib/model/operation/NGHashedVersion.h; sourceTree = "<group>"; };
		29D7A4C7118A23CD00CAF51F /* NGHashedVersion.m */ = {isa = PBXFileReference; fileEncoding = 4; lastKnownFileType = sourcecode.c.objc; name = NGHashedVersion.m; path = lib/model/operation/NGHashedVersion.m; sourceTree = "<group>"; };
		29DA8A06116BADEE00D50DFC /* NGElementAttribute.h */ = {isa = PBXFileReference; fileEncoding = 4; lastKnownFileType = sourcecode.c.h; name = NGElementAttribute.h; path = lib/model/NGElementAttribute.h; sourceTree = "<group>"; };
		29DA8A07116BADEE00D50DFC /* NGElementAttribute.m */ = {isa = PBXFileReference; fileEncoding = 4; lastKnownFileType = sourcecode.c.objc; name = NGElementAttribute.m; path = lib/model/NGElementAttribute.m; sourceTree = "<group>"; };
		29DA8A0A116BB44A00D50DFC /* NGTextViewEditingStyle.h */ = {isa = PBXFileReference; fileEncoding = 4; lastKnownFileType = sourcecode.c.h; path = NGTextViewEditingStyle.h; sourceTree = "<group>"; };
		29DA8A0B116BB44A00D50DFC /* NGTextViewEditingStyle.m */ = {isa = PBXFileReference; fileEncoding = 4; lastKnownFileType = sourcecode.c.objc; path = NGTextViewEditingStyle.m; sourceTree = "<group>"; };
		29E14CD8115D214100B76AFA /* NGTextView.h */ = {isa = PBXFileReference; fileEncoding = 4; lastKnownFileType = sourcecode.c.h; path = NGTextView.h; sourceTree = "<group>"; };
		29E14CD9115D214100B76AFA /* NGTextView.m */ = {isa = PBXFileReference; fileEncoding = 4; lastKnownFileType = sourcecode.c.objc; path = NGTextView.m; sourceTree = "<group>"; };
		29E7B7C11140A67A001E3644 /* ProtocolBuffers.xcodeproj */ = {isa = PBXFileReference; lastKnownFileType = "wrapper.pb-project"; name = ProtocolBuffers.xcodeproj; path = "third-party/ProtocolBuffers/ProtocolBuffers.xcodeproj"; sourceTree = "<group>"; };
		29E7B7D81140BBB9001E3644 /* ProtocolBuffers.h */ = {isa = PBXFileReference; fileEncoding = 4; lastKnownFileType = sourcecode.c.h; name = ProtocolBuffers.h; path = "third-party/ProtocolBuffers/Classes/ProtocolBuffers.h"; sourceTree = "<group>"; };
		29E7B80D1140C2FE001E3644 /* NGRpc.h */ = {isa = PBXFileReference; fileEncoding = 4; lastKnownFileType = sourcecode.c.h; name = NGRpc.h; path = lib/network/NGRpc.h; sourceTree = "<group>"; };
		29E7B80E1140C2FE001E3644 /* NGRpc.m */ = {isa = PBXFileReference; fileEncoding = 4; lastKnownFileType = sourcecode.c.objc; name = NGRpc.m; path = lib/network/NGRpc.m; sourceTree = "<group>"; };
		29ED64FD116DA38A009389CB /* NGElementAnnotation.h */ = {isa = PBXFileReference; fileEncoding = 4; lastKnownFileType = sourcecode.c.h; name = NGElementAnnotation.h; path = lib/model/NGElementAnnotation.h; sourceTree = "<group>"; };
		29ED64FE116DA38A009389CB /* NGElementAnnotation.m */ = {isa = PBXFileReference; fileEncoding = 4; lastKnownFileType = sourcecode.c.objc; name = NGElementAnnotation.m; path = lib/model/NGElementAnnotation.m; sourceTree = "<group>"; };
		8D1107310486CEB800E47090 /* NgProject-Info.plist */ = {isa = PBXFileReference; fileEncoding = 4; lastKnownFileType = text.plist.xml; path = "NgProject-Info.plist"; sourceTree = "<group>"; };
		8D1107320486CEB800E47090 /* NgProject.app */ = {isa = PBXFileReference; explicitFileType = wrapper.application; includeInIndex = 0; path = NgProject.app; sourceTree = BUILT_PRODUCTS_DIR; };
/* End PBXFileReference section */

/* Begin PBXFrameworksBuildPhase section */
		2952646D1140F78800CA2C90 /* Frameworks */ = {
			isa = PBXFrameworksBuildPhase;
			buildActionMask = 2147483647;
			files = (
				295265A51140FD6A00CA2C90 /* Cocoa.framework in Frameworks */,
				2952659A1140FD1D00CA2C90 /* libProtocolBuffers.a in Frameworks */,
			);
			runOnlyForDeploymentPostprocessing = 0;
		};
		8D11072E0486CEB800E47090 /* Frameworks */ = {
			isa = PBXFrameworksBuildPhase;
			buildActionMask = 2147483647;
			files = (
				29E7B7D01140A692001E3644 /* libProtocolBuffers.a in Frameworks */,
				8D11072F0486CEB800E47090 /* Cocoa.framework in Frameworks */,
			);
			runOnlyForDeploymentPostprocessing = 0;
		};
/* End PBXFrameworksBuildPhase section */

/* Begin PBXGroup section */
		080E96DDFE201D6D7F000001 /* Classes */ = {
			isa = PBXGroup;
			children = (
				29B46CD6114AD91C00AC74D7 /* proto */,
				29BD94DF114235AE00AA22AE /* model */,
				29BD94A91142194900AA22AE /* util */,
				29E7B80B1140C27D001E3644 /* network */,
				256AC3D80F4B6AC300CF3369 /* NgProjectAppDelegate.h */,
				256AC3D90F4B6AC300CF3369 /* NgProjectAppDelegate.m */,
				29A7E7F0114DEF02006D61A8 /* NGInboxViewDelegate.h */,
				29A7E7F1114DEF02006D61A8 /* NGInboxViewDelegate.m */,
				29E14CD8115D214100B76AFA /* NGTextView.h */,
				29E14CD9115D214100B76AFA /* NGTextView.m */,
				29DA8A0A116BB44A00D50DFC /* NGTextViewEditingStyle.h */,
				29DA8A0B116BB44A00D50DFC /* NGTextViewEditingStyle.m */,
			);
			name = Classes;
			sourceTree = "<group>";
		};
		1058C7A0FEA54F0111CA2CBB /* Linked Frameworks */ = {
			isa = PBXGroup;
			children = (
				1058C7A1FEA54F0111CA2CBB /* Cocoa.framework */,
			);
			name = "Linked Frameworks";
			sourceTree = "<group>";
		};
		1058C7A2FEA54F0111CA2CBB /* Other Frameworks */ = {
			isa = PBXGroup;
			children = (
				29B97324FDCFA39411CA2CEA /* AppKit.framework */,
				13E42FB307B3F0F600E4EEF1 /* CoreData.framework */,
				29B97325FDCFA39411CA2CEA /* Foundation.framework */,
			);
			name = "Other Frameworks";
			sourceTree = "<group>";
		};
		19C28FACFE9D520D11CA2CBB /* Products */ = {
			isa = PBXGroup;
			children = (
				8D1107320486CEB800E47090 /* NgProject.app */,
				295264701140F78800CA2C90 /* UnitTests.octest */,
			);
			name = Products;
			sourceTree = "<group>";
		};
		291F3998117A3AC9001CAD54 /* util */ = {
			isa = PBXGroup;
			children = (
				29C8020F1170494400F77D7F /* NGDocOpBuilder.h */,
				29C802101170494400F77D7F /* NGDocOpBuilder.m */,
			);
			name = util;
			sourceTree = "<group>";
		};
		291F39B6117A3D57001CAD54 /* util */ = {
			isa = PBXGroup;
			children = (
				29BFEBCB118F88A300899593 /* NGIdGenerator.h */,
				29BFEBCC118F88A300899593 /* NGIdGenerator.m */,
			);
			name = util;
			sourceTree = "<group>";
		};
		2952644E1140F3E200CA2C90 /* Tests */ = {
			isa = PBXGroup;
			children = (
				29C8DEAE11768A3C00B3B673 /* util */,
				29BD95891142492500AA22AE /* model */,
				2952649C1140F92000CA2C90 /* network */,
			);
			name = Tests;
			sourceTree = "<group>";
		};
		2952649C1140F92000CA2C90 /* network */ = {
			isa = PBXGroup;
			children = (
				295264991140F91A00CA2C90 /* NGRpcTest.h */,
				2952649A1140F91A00CA2C90 /* NGRpcTest.m */,
				29BD937B1141950700AA22AE /* NGNetworkTest.h */,
				29BD937C1141950700AA22AE /* NGNetworkTest.m */,
			);
			name = network;
			sourceTree = "<group>";
		};
		29B46CD6114AD91C00AC74D7 /* proto */ = {
			isa = PBXGroup;
			children = (
				291C682C1190C2FC0012E370 /* Descriptor.pb.h */,
				291C682D1190C2FC0012E370 /* Descriptor.pb.m */,
				291C682E1190C2FC0012E370 /* descriptor.proto */,
				291C682F1190C2FC0012E370 /* federation_error.protodevel */,
				291C68301190C2FC0012E370 /* Federation.pb.h */,
				291C68311190C2FC0012E370 /* Federation.pb.m */,
				291C68321190C2FC0012E370 /* federation.protodevel */,
				291C68331190C2FC0012E370 /* FederationError.pb.h */,
				291C68341190C2FC0012E370 /* FederationError.pb.m */,
				291C68351190C2FC0012E370 /* objectivec-descriptor.proto */,
				291C68361190C2FC0012E370 /* ObjectivecDescriptor.pb.h */,
				291C68371190C2FC0012E370 /* ObjectivecDescriptor.pb.m */,
				291C68381190C2FC0012E370 /* Rpc.pb.h */,
				291C68391190C2FC0012E370 /* Rpc.pb.m */,
				291C683A1190C2FC0012E370 /* rpc.proto */,
				29B46CDA114AD91C00AC74D7 /* waveclient-rpc.proto */,
				29B46CDB114AD91C00AC74D7 /* WaveclientRpc.pb.h */,
				29B46CDC114AD91C00AC74D7 /* WaveclientRpc.pb.m */,
			);
			name = proto;
			path = lib/proto;
			sourceTree = "<group>";
		};
		29B97314FDCFA39411CA2CEA /* NgProject */ = {
			isa = PBXGroup;
			children = (
				29E7B7C11140A67A001E3644 /* ProtocolBuffers.xcodeproj */,
				080E96DDFE201D6D7F000001 /* Classes */,
				29B97315FDCFA39411CA2CEA /* Other Sources */,
				2952644E1140F3E200CA2C90 /* Tests */,
				29B97317FDCFA39411CA2CEA /* Resources */,
				29B97323FDCFA39411CA2CEA /* Frameworks */,
				19C28FACFE9D520D11CA2CBB /* Products */,
			);
			name = NgProject;
			sourceTree = "<group>";
		};
		29B97315FDCFA39411CA2CEA /* Other Sources */ = {
			isa = PBXGroup;
			children = (
				29E7B7D81140BBB9001E3644 /* ProtocolBuffers.h */,
				256AC3F00F4B6AF500CF3369 /* NgProject_Prefix.pch */,
				29B97316FDCFA39411CA2CEA /* main.m */,
				29B46CFA114AD9EA00AC74D7 /* NGHeader.h */,
			);
			name = "Other Sources";
			sourceTree = "<group>";
		};
		29B97317FDCFA39411CA2CEA /* Resources */ = {
			isa = PBXGroup;
			children = (
				295264711140F78800CA2C90 /* UnitTests-Info.plist */,
				8D1107310486CEB800E47090 /* NgProject-Info.plist */,
				089C165CFE840E0CC02AAC07 /* InfoPlist.strings */,
				1DDD58140DA1D0A300B32029 /* MainMenu.xib */,
			);
			name = Resources;
			sourceTree = "<group>";
		};
		29B97323FDCFA39411CA2CEA /* Frameworks */ = {
			isa = PBXGroup;
			children = (
				1058C7A0FEA54F0111CA2CBB /* Linked Frameworks */,
				1058C7A2FEA54F0111CA2CBB /* Other Frameworks */,
			);
			name = Frameworks;
			sourceTree = "<group>";
		};
		29BD94A91142194900AA22AE /* util */ = {
			isa = PBXGroup;
			children = (
			);
			name = util;
			sourceTree = "<group>";
		};
		29BD94DF114235AE00AA22AE /* model */ = {
			isa = PBXGroup;
			children = (
				29BFEBA5118F76FB00899593 /* common */,
				29C249A9117F722200496599 /* operation */,
				29C801EC11703E7E00F77D7F /* document */,
				29C80155116FE7D800F77D7F /* id */,
				29CDE9C7114C8C6100B95C82 /* NGRpcMessage.h */,
				29CDE9C8114C8C6100B95C82 /* NGRpcMessage.m */,
				29DA8A06116BADEE00D50DFC /* NGElementAttribute.h */,
				29DA8A07116BADEE00D50DFC /* NGElementAttribute.m */,
				29ED64FD116DA38A009389CB /* NGElementAnnotation.h */,
				29ED64FE116DA38A009389CB /* NGElementAnnotation.m */,
				29480030116E3C23007A5EDB /* NGElementAnnotationUpdate.h */,
				29480031116E3C23007A5EDB /* NGElementAnnotationUpdate.m */,
			);
			name = model;
			sourceTree = "<group>";
		};
		29BD95891142492500AA22AE /* model */ = {
			isa = PBXGroup;
			children = (
				29BD95CB11424F3300AA22AE /* NGWaveletIdTest.h */,
				29BD95CC11424F3300AA22AE /* NGWaveletIdTest.m */,
				29BD958A1142495C00AA22AE /* NGWaveIdTest.h */,
				29BD958B1142495C00AA22AE /* NGWaveIdTest.m */,
				29A7E790114DB34E006D61A8 /* NGParticipantIdTest.h */,
				29A7E791114DB34E006D61A8 /* NGParticipantIdTest.m */,
				29258B01114ED59800ED4F98 /* NGWaveNameTest.h */,
				29258B02114ED59800ED4F98 /* NGWaveNameTest.m */,
				297703F4118D2E6D00B0729A /* NGDocAttributesTest.h */,
				297703F5118D2E6D00B0729A /* NGDocAttributesTest.m */,
				29770410118D384F00B0729A /* NGDocAttributesUpdateTest.h */,
				29770411118D384F00B0729A /* NGDocAttributesUpdateTest.m */,
				29364C5B118DF69900FF40B5 /* NGMutateDocumentTest.h */,
				29364C5C118DF69900FF40B5 /* NGMutateDocumentTest.m */,
				29364CAA118E214300FF40B5 /* NGWaveletDeltaTest.h */,
				29364CAB118E214300FF40B5 /* NGWaveletDeltaTest.m */,
			);
			name = model;
			sourceTree = "<group>";
		};
		29BFEBA5118F76FB00899593 /* common */ = {
			isa = PBXGroup;
			children = (
				29BFEBB5118F784E00899593 /* NGIdConstant.h */,
				29BFEBB6118F784E00899593 /* NGIdConstant.m */,
				29BFEC16118F8E7D00899593 /* NGDocumentConstant.h */,
				29BFEC17118F8E7D00899593 /* NGDocumentConstant.m */,
			);
			name = common;
			sourceTree = "<group>";
		};
		29C249A9117F722200496599 /* operation */ = {
			isa = PBXGroup;
			children = (
				29C249DE117FAEC300496599 /* NGWaveletDelta.h */,
				29C249DF117FAEC300496599 /* NGWaveletDelta.m */,
				29C249B7117F72E200496599 /* NGWaveletOperation.h */,
				29C249BA117F73AC00496599 /* NGWaveletDocOp.h */,
				29C249BB117F73AC00496599 /* NGWaveletDocOp.m */,
				29C249CA117F78CF00496599 /* NGAddParticipantOp.h */,
				29C249CB117F78CF00496599 /* NGAddParticipantOp.m */,
				29C249D2117F79F200496599 /* NGRemoveParticipantOp.h */,
				29C249D3117F79F200496599 /* NGRemoveParticipantOp.m */,
				29C249D8117FA6CB00496599 /* NGNoOp.h */,
				29C249D9117FA6CB00496599 /* NGNoOp.m */,
				29D7A4C6118A23CD00CAF51F /* NGHashedVersion.h */,
				29D7A4C7118A23CD00CAF51F /* NGHashedVersion.m */,
				29D7A4B3118A1D1100CAF51F /* util */,
			);
			name = operation;
			sourceTree = "<group>";
		};
		29C80155116FE7D800F77D7F /* id */ = {
			isa = PBXGroup;
			children = (
				29C8017D116FEA6600F77D7F /* NGWaveName.h */,
				29C8017E116FEA6600F77D7F /* NGWaveName.m */,
				29C8015A116FE86C00F77D7F /* NGParticipantId.h */,
				29C8015B116FE86C00F77D7F /* NGParticipantId.m */,
				29C8015C116FE86C00F77D7F /* NGWaveId.h */,
				29C8015D116FE86C00F77D7F /* NGWaveId.m */,
				29C8015E116FE86C00F77D7F /* NGWaveletId.h */,
				29C8015F116FE86C00F77D7F /* NGWaveletId.m */,
				29364D1A118E495C00FF40B5 /* NGDocumentId.h */,
				291F39B6117A3D57001CAD54 /* util */,
			);
			name = id;
			sourceTree = "<group>";
		};
		29C801EC11703E7E00F77D7F /* document */ = {
			isa = PBXGroup;
			children = (
				29C801F01170447200F77D7F /* operation */,
			);
			name = document;
			sourceTree = "<group>";
		};
		29C801F01170447200F77D7F /* operation */ = {
			isa = PBXGroup;
			children = (
				2906961F1181056D00932015 /* NGMutateDocument.h */,
				290696201181056D00932015 /* NGMutateDocument.m */,
				291F39C5117A46A5001CAD54 /* NGDocAttributes.h */,
				291F39C6117A46A5001CAD54 /* NGDocAttributes.m */,
				29C7D93C117CC37400F7959C /* NGDocAttributesUpdate.h */,
				29C7D93D117CC37400F7959C /* NGDocAttributesUpdate.m */,
				29C801F4117045C800F77D7F /* NGDocOpComponent.h */,
				29C801F11170447C00F77D7F /* component */,
				291F3998117A3AC9001CAD54 /* util */,
			);
			name = operation;
			sourceTree = "<group>";
		};
		29C801F11170447C00F77D7F /* component */ = {
			isa = PBXGroup;
			children = (
				29C801F71170472000F77D7F /* NGElementStart.h */,
				29C801F81170472000F77D7F /* NGElementStart.m */,
				29C801FB1170473400F77D7F /* NGElementEnd.h */,
				29C801FC1170473400F77D7F /* NGElementEnd.m */,
				29C801FF1170474700F77D7F /* NGRetain.h */,
				29C802001170474700F77D7F /* NGRetain.m */,
				29C802031170475B00F77D7F /* NGCharacters.h */,
				29C802041170475B00F77D7F /* NGCharacters.m */,
				29392E661177A7D300F3C3CD /* NGDeleteCharacters.h */,
				29392E671177A7D300F3C3CD /* NGDeleteCharacters.m */,
				29392E731177AAE500F3C3CD /* NGDeleteElementStart.h */,
				29392E741177AAE500F3C3CD /* NGDeleteElementStart.m */,
				29392E771177AAF800F3C3CD /* NGDeleteElementEnd.h */,
				29392E781177AAF800F3C3CD /* NGDeleteElementEnd.m */,
				29C7D994117D0BF700F7959C /* NGUpdateAttributes.h */,
				29C7D995117D0BF700F7959C /* NGUpdateAttributes.m */,
			);
			name = component;
			sourceTree = "<group>";
		};
		29C8DEAE11768A3C00B3B673 /* util */ = {
			isa = PBXGroup;
			children = (
				29BFEBE0118F8A0A00899593 /* NGIdGeneratorTest.h */,
				29BFEBE1118F8A0A00899593 /* NGIdGeneratorTest.m */,
				29364C6C118E1BD500FF40B5 /* NGDocOpBuilderTest.h */,
				29364C6D118E1BD500FF40B5 /* NGDocOpBuilderTest.m */,
				29364CC9118E23C800FF40B5 /* NGWaveletDeltaBuilderTest.h */,
				29364CCA118E23C800FF40B5 /* NGWaveletDeltaBuilderTest.m */,
			);
			name = util;
			sourceTree = "<group>";
		};
		29D7A4B3118A1D1100CAF51F /* util */ = {
			isa = PBXGroup;
			children = (
				29D7A4B8118A1DA100CAF51F /* NGWaveletDeltaBuilder.h */,
				29D7A4B9118A1DA100CAF51F /* NGWaveletDeltaBuilder.m */,
				29D7A4C2118A23B000CAF51F /* NGWaveletDeltaSerializer.h */,
				29D7A4C3118A23B000CAF51F /* NGWaveletDeltaSerializer.m */,
			);
			name = util;
			sourceTree = "<group>";
		};
		29E7B7C21140A67A001E3644 /* Products */ = {
			isa = PBXGroup;
			children = (
				29E7B7CB1140A67A001E3644 /* libProtocolBuffers.a */,
				29E7B7CD1140A67A001E3644 /* UnitTests.octest */,
				29E7B7CF1140A67A001E3644 /* CommandLineTests.app */,
			);
			name = Products;
			sourceTree = "<group>";
		};
		29E7B80B1140C27D001E3644 /* network */ = {
			isa = PBXGroup;
			children = (
				29BD932E11417C2100AA22AE /* NGNetwork.h */,
				29BD932F11417C2100AA22AE /* NGNetwork.m */,
				29E7B80D1140C2FE001E3644 /* NGRpc.h */,
				29E7B80E1140C2FE001E3644 /* NGRpc.m */,
			);
			name = network;
			sourceTree = "<group>";
		};
/* End PBXGroup section */

/* Begin PBXNativeTarget section */
		2952646F1140F78800CA2C90 /* UnitTests */ = {
			isa = PBXNativeTarget;
			buildConfigurationList = 295264741140F78900CA2C90 /* Build configuration list for PBXNativeTarget "UnitTests" */;
			buildPhases = (
				2952646B1140F78800CA2C90 /* Resources */,
				2952646C1140F78800CA2C90 /* Sources */,
				2952646D1140F78800CA2C90 /* Frameworks */,
				2952646E1140F78800CA2C90 /* ShellScript */,
			);
			buildRules = (
			);
			dependencies = (
				295264761140F7B000CA2C90 /* PBXTargetDependency */,
				295265991140FD0E00CA2C90 /* PBXTargetDependency */,
			);
			name = UnitTests;
			productName = UnitTests;
			productReference = 295264701140F78800CA2C90 /* UnitTests.octest */;
			productType = "com.apple.product-type.bundle";
		};
		8D1107260486CEB800E47090 /* NG Google Wave Client */ = {
			isa = PBXNativeTarget;
			buildConfigurationList = C01FCF4A08A954540054247B /* Build configuration list for PBXNativeTarget "NG Google Wave Client" */;
			buildPhases = (
				8D1107290486CEB800E47090 /* Resources */,
				8D11072C0486CEB800E47090 /* Sources */,
				8D11072E0486CEB800E47090 /* Frameworks */,
			);
			buildRules = (
			);
			dependencies = (
				29E7B7DA1140BBCF001E3644 /* PBXTargetDependency */,
			);
			name = "NG Google Wave Client";
			productInstallPath = "$(HOME)/Applications";
			productName = NgProject;
			productReference = 8D1107320486CEB800E47090 /* NgProject.app */;
			productType = "com.apple.product-type.application";
		};
/* End PBXNativeTarget section */

/* Begin PBXProject section */
		29B97313FDCFA39411CA2CEA /* Project object */ = {
			isa = PBXProject;
			attributes = {
				ORGANIZATIONNAME = "Longyi Qi";
			};
			buildConfigurationList = C01FCF4E08A954540054247B /* Build configuration list for PBXProject "NgProject" */;
			compatibilityVersion = "Xcode 3.1";
			hasScannedForEncodings = 1;
			mainGroup = 29B97314FDCFA39411CA2CEA /* NgProject */;
			projectDirPath = "";
			projectReferences = (
				{
					ProductGroup = 29E7B7C21140A67A001E3644 /* Products */;
					ProjectRef = 29E7B7C11140A67A001E3644 /* ProtocolBuffers.xcodeproj */;
				},
			);
			projectRoot = "";
			targets = (
				8D1107260486CEB800E47090 /* NG Google Wave Client */,
				2952646F1140F78800CA2C90 /* UnitTests */,
			);
		};
/* End PBXProject section */

/* Begin PBXReferenceProxy section */
		29E7B7CB1140A67A001E3644 /* libProtocolBuffers.a */ = {
			isa = PBXReferenceProxy;
			fileType = archive.ar;
			path = libProtocolBuffers.a;
			remoteRef = 29E7B7CA1140A67A001E3644 /* PBXContainerItemProxy */;
			sourceTree = BUILT_PRODUCTS_DIR;
		};
		29E7B7CD1140A67A001E3644 /* UnitTests.octest */ = {
			isa = PBXReferenceProxy;
			fileType = wrapper.cfbundle;
			path = UnitTests.octest;
			remoteRef = 29E7B7CC1140A67A001E3644 /* PBXContainerItemProxy */;
			sourceTree = BUILT_PRODUCTS_DIR;
		};
		29E7B7CF1140A67A001E3644 /* CommandLineTests.app */ = {
			isa = PBXReferenceProxy;
			fileType = wrapper.application;
			path = CommandLineTests.app;
			remoteRef = 29E7B7CE1140A67A001E3644 /* PBXContainerItemProxy */;
			sourceTree = BUILT_PRODUCTS_DIR;
		};
/* End PBXReferenceProxy section */

/* Begin PBXResourcesBuildPhase section */
		2952646B1140F78800CA2C90 /* Resources */ = {
			isa = PBXResourcesBuildPhase;
			buildActionMask = 2147483647;
			files = (
				291C683C1190C2FC0012E370 /* descriptor.proto in Resources */,
				291C683D1190C2FC0012E370 /* federation_error.protodevel in Resources */,
				291C683F1190C2FC0012E370 /* federation.protodevel in Resources */,
				291C68411190C2FC0012E370 /* objectivec-descriptor.proto in Resources */,
				291C68441190C2FC0012E370 /* rpc.proto in Resources */,
			);
			runOnlyForDeploymentPostprocessing = 0;
		};
		8D1107290486CEB800E47090 /* Resources */ = {
			isa = PBXResourcesBuildPhase;
			buildActionMask = 2147483647;
			files = (
				8D11072B0486CEB800E47090 /* InfoPlist.strings in Resources */,
				1DDD58160DA1D0A300B32029 /* MainMenu.xib in Resources */,
				291C68461190C2FC0012E370 /* descriptor.proto in Resources */,
				291C68471190C2FC0012E370 /* federation_error.protodevel in Resources */,
				291C68491190C2FC0012E370 /* federation.protodevel in Resources */,
				291C684B1190C2FC0012E370 /* objectivec-descriptor.proto in Resources */,
				291C684E1190C2FC0012E370 /* rpc.proto in Resources */,
			);
			runOnlyForDeploymentPostprocessing = 0;
		};
/* End PBXResourcesBuildPhase section */

/* Begin PBXShellScriptBuildPhase section */
		2952646E1140F78800CA2C90 /* ShellScript */ = {
			isa = PBXShellScriptBuildPhase;
			buildActionMask = 2147483647;
			files = (
			);
			inputPaths = (
			);
			outputPaths = (
			);
			runOnlyForDeploymentPostprocessing = 0;
			shellPath = /bin/sh;
			shellScript = "# Run the unit tests in this test bundle.\n\"${SYSTEM_DEVELOPER_DIR}/Tools/RunUnitTests\"\n";
		};
/* End PBXShellScriptBuildPhase section */

/* Begin PBXSourcesBuildPhase section */
		2952646C1140F78800CA2C90 /* Sources */ = {
			isa = PBXSourcesBuildPhase;
			buildActionMask = 2147483647;
			files = (
				29392E721177AA8000F3C3CD /* NGDeleteCharacters.m in Sources */,
				29A7E7A8114DB6A2006D61A8 /* NGRpcMessage.m in Sources */,
				29BD937E1141951C00AA22AE /* NGNetwork.m in Sources */,
				295265BA1140FEC800CA2C90 /* NGRpc.m in Sources */,
				2952649B1140F91A00CA2C90 /* NGRpcTest.m in Sources */,
				29BD937D1141950700AA22AE /* NGNetworkTest.m in Sources */,
				29BD958C1142495C00AA22AE /* NGWaveIdTest.m in Sources */,
				29BD95CD11424F3300AA22AE /* NGWaveletIdTest.m in Sources */,
				29B46CE0114AD91C00AC74D7 /* WaveclientRpc.pb.m in Sources */,
				29A7E792114DB34E006D61A8 /* NGParticipantIdTest.m in Sources */,
				29258B03114ED59800ED4F98 /* NGWaveNameTest.m in Sources */,
				29E14CDA115D214100B76AFA /* NGTextView.m in Sources */,
				29DA8A08116BADEE00D50DFC /* NGElementAttribute.m in Sources */,
				29DA8A0C116BB44A00D50DFC /* NGTextViewEditingStyle.m in Sources */,
				29ED6500116DA38A009389CB /* NGElementAnnotation.m in Sources */,
				29480032116E3C24007A5EDB /* NGElementAnnotationUpdate.m in Sources */,
				29C80160116FE86C00F77D7F /* NGParticipantId.m in Sources */,
				29C80161116FE86C00F77D7F /* NGWaveId.m in Sources */,
				29C80162116FE86C00F77D7F /* NGWaveletId.m in Sources */,
				29C8017F116FEA6600F77D7F /* NGWaveName.m in Sources */,
				29C801F91170472000F77D7F /* NGElementStart.m in Sources */,
				29C801FD1170473400F77D7F /* NGElementEnd.m in Sources */,
				29C802011170474700F77D7F /* NGRetain.m in Sources */,
				29C802051170475B00F77D7F /* NGCharacters.m in Sources */,
				29C802111170494400F77D7F /* NGDocOpBuilder.m in Sources */,
				29392E761177AAE500F3C3CD /* NGDeleteElementStart.m in Sources */,
				29392E791177AAF800F3C3CD /* NGDeleteElementEnd.m in Sources */,
				291F39C8117A46A5001CAD54 /* NGDocAttributes.m in Sources */,
				29C7D93F117CC37400F7959C /* NGDocAttributesUpdate.m in Sources */,
				29C7D997117D0BF700F7959C /* NGUpdateAttributes.m in Sources */,
				29C249BC117F73AC00496599 /* NGWaveletDocOp.m in Sources */,
				29C249CC117F78CF00496599 /* NGAddParticipantOp.m in Sources */,
				29C249D4117F79F200496599 /* NGRemoveParticipantOp.m in Sources */,
				29C249DA117FA6CB00496599 /* NGNoOp.m in Sources */,
				29C249E0117FAEC300496599 /* NGWaveletDelta.m in Sources */,
				290696211181056D00932015 /* NGMutateDocument.m in Sources */,
				29D7A4BA118A1DA100CAF51F /* NGWaveletDeltaBuilder.m in Sources */,
				29D7A4C4118A23B000CAF51F /* NGWaveletDeltaSerializer.m in Sources */,
				29D7A4C8118A23CD00CAF51F /* NGHashedVersion.m in Sources */,
				297703F6118D2E6D00B0729A /* NGDocAttributesTest.m in Sources */,
				29770412118D384F00B0729A /* NGDocAttributesUpdateTest.m in Sources */,
				29364C5D118DF69900FF40B5 /* NGMutateDocumentTest.m in Sources */,
				29364C6E118E1BD500FF40B5 /* NGDocOpBuilderTest.m in Sources */,
				29364CAC118E214300FF40B5 /* NGWaveletDeltaTest.m in Sources */,
				29364CCB118E23C800FF40B5 /* NGWaveletDeltaBuilderTest.m in Sources */,
				29BFEBB8118F784E00899593 /* NGIdConstant.m in Sources */,
				29BFEBCE118F88A300899593 /* NGIdGenerator.m in Sources */,
				29BFEBE2118F8A0A00899593 /* NGIdGeneratorTest.m in Sources */,
				29BFEC18118F8E7D00899593 /* NGDocumentConstant.m in Sources */,
				291C683B1190C2FC0012E370 /* Descriptor.pb.m in Sources */,
				291C683E1190C2FC0012E370 /* Federation.pb.m in Sources */,
				291C68401190C2FC0012E370 /* FederationError.pb.m in Sources */,
				291C68421190C2FC0012E370 /* ObjectivecDescriptor.pb.m in Sources */,
				291C68431190C2FC0012E370 /* Rpc.pb.m in Sources */,
			);
			runOnlyForDeploymentPostprocessing = 0;
		};
		8D11072C0486CEB800E47090 /* Sources */ = {
			isa = PBXSourcesBuildPhase;
			buildActionMask = 2147483647;
			files = (
				8D11072D0486CEB800E47090 /* main.m in Sources */,
				256AC3DA0F4B6AC300CF3369 /* NgProjectAppDelegate.m in Sources */,
				29E7B80F1140C2FE001E3644 /* NGRpc.m in Sources */,
				29BD933011417C2100AA22AE /* NGNetwork.m in Sources */,
				29B46CE4114AD91C00AC74D7 /* WaveclientRpc.pb.m in Sources */,
				29CDE9C9114C8C6100B95C82 /* NGRpcMessage.m in Sources */,
				29A7E7F2114DEF02006D61A8 /* NGInboxViewDelegate.m in Sources */,
				29E14CDB115D214100B76AFA /* NGTextView.m in Sources */,
				29DA8A09116BADEE00D50DFC /* NGElementAttribute.m in Sources */,
				29DA8A0D116BB44A00D50DFC /* NGTextViewEditingStyle.m in Sources */,
				29ED64FF116DA38A009389CB /* NGElementAnnotation.m in Sources */,
				29480033116E3C24007A5EDB /* NGElementAnnotationUpdate.m in Sources */,
				29C80163116FE86C00F77D7F /* NGParticipantId.m in Sources */,
				29C80164116FE86C00F77D7F /* NGWaveId.m in Sources */,
				29C80165116FE86C00F77D7F /* NGWaveletId.m in Sources */,
				29C80180116FEA6600F77D7F /* NGWaveName.m in Sources */,
				29C801FA1170472000F77D7F /* NGElementStart.m in Sources */,
				29C801FE1170473400F77D7F /* NGElementEnd.m in Sources */,
				29C802021170474700F77D7F /* NGRetain.m in Sources */,
				29C802061170475B00F77D7F /* NGCharacters.m in Sources */,
				29C802121170494400F77D7F /* NGDocOpBuilder.m in Sources */,
				29392E681177A7D300F3C3CD /* NGDeleteCharacters.m in Sources */,
				29392E751177AAE500F3C3CD /* NGDeleteElementStart.m in Sources */,
				29392E7A1177AAF800F3C3CD /* NGDeleteElementEnd.m in Sources */,
				291F39C7117A46A5001CAD54 /* NGDocAttributes.m in Sources */,
				29C7D93E117CC37400F7959C /* NGDocAttributesUpdate.m in Sources */,
				29C7D996117D0BF700F7959C /* NGUpdateAttributes.m in Sources */,
				29C249BD117F73AC00496599 /* NGWaveletDocOp.m in Sources */,
				29C249CD117F78CF00496599 /* NGAddParticipantOp.m in Sources */,
				29C249D5117F79F200496599 /* NGRemoveParticipantOp.m in Sources */,
				29C249DB117FA6CB00496599 /* NGNoOp.m in Sources */,
				29C249E1117FAEC300496599 /* NGWaveletDelta.m in Sources */,
				290696221181056D00932015 /* NGMutateDocument.m in Sources */,
				29D7A4BB118A1DA100CAF51F /* NGWaveletDeltaBuilder.m in Sources */,
				29D7A4C5118A23B000CAF51F /* NGWaveletDeltaSerializer.m in Sources */,
				29D7A4C9118A23CD00CAF51F /* NGHashedVersion.m in Sources */,
				29BFEBB7118F784E00899593 /* NGIdConstant.m in Sources */,
				29BFEBCD118F88A300899593 /* NGIdGenerator.m in Sources */,
				29BFEC19118F8E7D00899593 /* NGDocumentConstant.m in Sources */,
				291C68451190C2FC0012E370 /* Descriptor.pb.m in Sources */,
				291C68481190C2FC0012E370 /* Federation.pb.m in Sources */,
				291C684A1190C2FC0012E370 /* FederationError.pb.m in Sources */,
				291C684C1190C2FC0012E370 /* ObjectivecDescriptor.pb.m in Sources */,
				291C684D1190C2FC0012E370 /* Rpc.pb.m in Sources */,
			);
			runOnlyForDeploymentPostprocessing = 0;
		};
/* End PBXSourcesBuildPhase section */

/* Begin PBXTargetDependency section */
		295264761140F7B000CA2C90 /* PBXTargetDependency */ = {
			isa = PBXTargetDependency;
			target = 8D1107260486CEB800E47090 /* NG Google Wave Client */;
			targetProxy = 295264751140F7B000CA2C90 /* PBXContainerItemProxy */;
		};
		295265991140FD0E00CA2C90 /* PBXTargetDependency */ = {
			isa = PBXTargetDependency;
			name = ProtocolBuffers;
			targetProxy = 295265981140FD0E00CA2C90 /* PBXContainerItemProxy */;
		};
		29E7B7DA1140BBCF001E3644 /* PBXTargetDependency */ = {
			isa = PBXTargetDependency;
			name = ProtocolBuffers;
			targetProxy = 29E7B7D91140BBCF001E3644 /* PBXContainerItemProxy */;
		};
/* End PBXTargetDependency section */

/* Begin PBXVariantGroup section */
		089C165CFE840E0CC02AAC07 /* InfoPlist.strings */ = {
			isa = PBXVariantGroup;
			children = (
				089C165DFE840E0CC02AAC07 /* English */,
			);
			name = InfoPlist.strings;
			sourceTree = "<group>";
		};
		1DDD58140DA1D0A300B32029 /* MainMenu.xib */ = {
			isa = PBXVariantGroup;
			children = (
				1DDD58150DA1D0A300B32029 /* English */,
			);
			name = MainMenu.xib;
			sourceTree = "<group>";
		};
/* End PBXVariantGroup section */

/* Begin XCBuildConfiguration section */
		295264721140F78900CA2C90 /* Debug */ = {
			isa = XCBuildConfiguration;
			buildSettings = {
				ALWAYS_SEARCH_USER_PATHS = NO;
				COPY_PHASE_STRIP = NO;
				FRAMEWORK_SEARCH_PATHS = "$(DEVELOPER_LIBRARY_DIR)/Frameworks";
				GCC_DYNAMIC_NO_PIC = NO;
				GCC_ENABLE_FIX_AND_CONTINUE = NO;
				GCC_ENABLE_OBJC_EXCEPTIONS = YES;
				GCC_MODEL_TUNING = G5;
				GCC_OPTIMIZATION_LEVEL = 0;
				GCC_PRECOMPILE_PREFIX_HEADER = YES;
				GCC_PREFIX_HEADER = "$(SYSTEM_LIBRARY_DIR)/Frameworks/Cocoa.framework/Headers/Cocoa.h";
				INFOPLIST_FILE = "UnitTests-Info.plist";
				INSTALL_PATH = "$(USER_LIBRARY_DIR)/Bundles";
				OTHER_LDFLAGS = (
					"-framework",
					Cocoa,
					"-framework",
					SenTestingKit,
				);
				PREBINDING = NO;
				PRODUCT_NAME = UnitTests;
				WRAPPER_EXTENSION = octest;
			};
			name = Debug;
		};
		295264731140F78900CA2C90 /* Release */ = {
			isa = XCBuildConfiguration;
			buildSettings = {
				ALWAYS_SEARCH_USER_PATHS = NO;
				COPY_PHASE_STRIP = YES;
				DEBUG_INFORMATION_FORMAT = "dwarf-with-dsym";
				FRAMEWORK_SEARCH_PATHS = "$(DEVELOPER_LIBRARY_DIR)/Frameworks";
				GCC_ENABLE_FIX_AND_CONTINUE = NO;
				GCC_ENABLE_OBJC_EXCEPTIONS = YES;
				GCC_MODEL_TUNING = G5;
				GCC_PRECOMPILE_PREFIX_HEADER = YES;
				GCC_PREFIX_HEADER = "$(SYSTEM_LIBRARY_DIR)/Frameworks/Cocoa.framework/Headers/Cocoa.h";
				INFOPLIST_FILE = "UnitTests-Info.plist";
				INSTALL_PATH = "$(USER_LIBRARY_DIR)/Bundles";
				OTHER_LDFLAGS = (
					"-framework",
					Cocoa,
					"-framework",
					SenTestingKit,
				);
				PREBINDING = NO;
				PRODUCT_NAME = UnitTests;
				WRAPPER_EXTENSION = octest;
				ZERO_LINK = NO;
			};
			name = Release;
		};
		C01FCF4B08A954540054247B /* Debug */ = {
			isa = XCBuildConfiguration;
			buildSettings = {
				ALWAYS_SEARCH_USER_PATHS = NO;
				COPY_PHASE_STRIP = NO;
				GCC_DYNAMIC_NO_PIC = NO;
				GCC_ENABLE_FIX_AND_CONTINUE = YES;
				GCC_MODEL_TUNING = G5;
				GCC_OPTIMIZATION_LEVEL = 0;
				GCC_PRECOMPILE_PREFIX_HEADER = YES;
				GCC_PREFIX_HEADER = NgProject_Prefix.pch;
				INFOPLIST_FILE = "NgProject-Info.plist";
				INSTALL_PATH = "$(HOME)/Applications";
				PRODUCT_NAME = NgProject;
			};
			name = Debug;
		};
		C01FCF4C08A954540054247B /* Release */ = {
			isa = XCBuildConfiguration;
			buildSettings = {
				ALWAYS_SEARCH_USER_PATHS = NO;
				DEBUG_INFORMATION_FORMAT = "dwarf-with-dsym";
				GCC_MODEL_TUNING = G5;
				GCC_PRECOMPILE_PREFIX_HEADER = YES;
				GCC_PREFIX_HEADER = NgProject_Prefix.pch;
				INFOPLIST_FILE = "NgProject-Info.plist";
				INSTALL_PATH = "$(HOME)/Applications";
				PRODUCT_NAME = NgProject;
			};
			name = Release;
		};
		C01FCF4F08A954540054247B /* Debug */ = {
			isa = XCBuildConfiguration;
			buildSettings = {
				ARCHS = "$(ARCHS_STANDARD_32_64_BIT)";
				GCC_C_LANGUAGE_STANDARD = gnu99;
				GCC_OPTIMIZATION_LEVEL = 0;
				GCC_WARN_ABOUT_RETURN_TYPE = YES;
				GCC_WARN_UNUSED_VARIABLE = YES;
				ONLY_ACTIVE_ARCH = YES;
				PREBINDING = NO;
				SDKROOT = macosx10.5;
			};
			name = Debug;
		};
		C01FCF5008A954540054247B /* Release */ = {
			isa = XCBuildConfiguration;
			buildSettings = {
				ARCHS = "$(ARCHS_STANDARD_32_64_BIT)";
				GCC_C_LANGUAGE_STANDARD = gnu99;
				GCC_WARN_ABOUT_RETURN_TYPE = YES;
				GCC_WARN_UNUSED_VARIABLE = YES;
				PREBINDING = NO;
				SDKROOT = macosx10.6;
			};
			name = Release;
		};
/* End XCBuildConfiguration section */

/* Begin XCConfigurationList section */
		295264741140F78900CA2C90 /* Build configuration list for PBXNativeTarget "UnitTests" */ = {
			isa = XCConfigurationList;
			buildConfigurations = (
				295264721140F78900CA2C90 /* Debug */,
				295264731140F78900CA2C90 /* Release */,
			);
			defaultConfigurationIsVisible = 0;
			defaultConfigurationName = Release;
		};
		C01FCF4A08A954540054247B /* Build configuration list for PBXNativeTarget "NG Google Wave Client" */ = {
			isa = XCConfigurationList;
			buildConfigurations = (
				C01FCF4B08A954540054247B /* Debug */,
				C01FCF4C08A954540054247B /* Release */,
			);
			defaultConfigurationIsVisible = 0;
			defaultConfigurationName = Release;
		};
		C01FCF4E08A954540054247B /* Build configuration list for PBXProject "NgProject" */ = {
			isa = XCConfigurationList;
			buildConfigurations = (
				C01FCF4F08A954540054247B /* Debug */,
				C01FCF5008A954540054247B /* Release */,
			);
			defaultConfigurationIsVisible = 0;
			defaultConfigurationName = Release;
		};
/* End XCConfigurationList section */
	};
	rootObject = 29B97313FDCFA39411CA2CEA /* Project object */;
}
